{
  "pins" : [
    {
      "identity" : "api.omg.lol",
      "kind" : "remoteSourceControl",
      "location" : "https://github.com/iCalvin-Actual/api.omg.lol.git",
      "state" : {
        "branch" : "main",
        "revision" : "b8f9752def71672df02506151bea1438f86ab890"
      }
    },
    {
      "identity" : "ui.app.lol",
      "kind" : "remoteSourceControl",
      "location" : "https://github.com/iCalvin-Actual/ui.app.lol.git",
      "state" : {
        "branch" : "main",
        "revision" : "b814092a399dcb70ce2395a9c4098f317efe66d8"
      }
    }
  ],
  "version" : 2
}
