{
  "pins" : [
    {
      "identity" : "api.omg.lol",
      "kind" : "remoteSourceControl",
      "location" : "https://github.com/iCalvin-Actual/api.omg.lol.git",
      "state" : {
        "branch" : "main",
        "revision" : "fbdfdd03ac4428b50abfa2516053074c982b5a57"
      }
    },
    {
      "identity" : "ui.app.lol",
      "kind" : "remoteSourceControl",
      "location" : "https://github.com/iCalvin-Actual/ui.app.lol.git",
      "state" : {
        "branch" : "main",
        "revision" : "c514c55b9e8388a72ed9157a84a552025f0c43b2"
      }
    }
  ],
  "version" : 2
}
