{
  "pins" : [
    {
      "identity" : "omgapi",
      "kind" : "remoteSourceControl",
      "location" : "https://github.com/iCalvin-Actual/omgapi",
      "state" : {
        "branch" : "main",
        "revision" : "8b4df49adbb447becd70609c531d347f2a8b43bf"
      }
    },
    {
      "identity" : "omgui",
      "kind" : "remoteSourceControl",
      "location" : "https://github.com/iCalvin-Actual/omgui",
      "state" : {
        "branch" : "main",
        "revision" : "a9faa949d57f96e2e176508f9f6b2b8bf4de0dba"
      }
    },
    {
      "identity" : "swift-markdown-ui",
      "kind" : "remoteSourceControl",
      "location" : "https://github.com/gonzalezreal/swift-markdown-ui",
      "state" : {
        "revision" : "5e15c0d75e42b9840301503e0df681027d4bea05",
        "version" : "2.0.1"
      }
    }
  ],
  "version" : 2
}
