{
  "pins" : [
    {
      "identity" : "omgapi",
      "kind" : "remoteSourceControl",
      "location" : "https://github.com/iCalvin-Actual/omgapi",
      "state" : {
        "branch" : "main",
        "revision" : "83aa9063c2c476f3e0b346dbcaf99dfb5d31b8e6"
      }
    },
    {
      "identity" : "omgui",
      "kind" : "remoteSourceControl",
      "location" : "https://github.com/iCalvin-Actual/omgui",
      "state" : {
        "branch" : "main",
        "revision" : "77416d90f3930ec2e56e1ca1559230a313fdf4f2"
      }
    },
    {
      "identity" : "swift-markdown-ui",
      "kind" : "remoteSourceControl",
      "location" : "https://github.com/gonzalezreal/swift-markdown-ui",
      "state" : {
        "revision" : "5e15c0d75e42b9840301503e0df681027d4bea05",
        "version" : "2.0.1"
      }
    }
  ],
  "version" : 2
}
