{
  "originHash" : "2d73c99fcaa7ec71e28813b9939c79c5af5263cb70d048859b1420a299e1c044",
  "pins" : [
    {
      "identity" : "blackbird",
      "kind" : "remoteSourceControl",
      "location" : "https://github.com/iCalvin-Actual/Blackbird",
      "state" : {
        "branch" : "main",
        "revision" : "7c6aa23271523af1a36678ff54371fc59bb59b3f"
      }
    },
    {
      "identity" : "ink",
      "kind" : "remoteSourceControl",
      "location" : "https://github.com/JohnSundell/Ink",
      "state" : {
        "revision" : "77c3d8953374a9cf5418ef0bd7108524999de85a",
        "version" : "0.5.1"
      }
    },
    {
      "identity" : "markupeditor",
      "kind" : "remoteSourceControl",
      "location" : "https://github.com/stevengharris/MarkupEditor",
      "state" : {
        "revision" : "45300e4d85da8dea56395da0ada8ff88662d54a3",
        "version" : "0.5.1"
      }
    },
    {
      "identity" : "networkimage",
      "kind" : "remoteSourceControl",
      "location" : "https://github.com/gonzalezreal/NetworkImage",
      "state" : {
        "revision" : "7aff8d1b31148d32c5933d75557d42f6323ee3d1",
        "version" : "6.0.0"
      }
    },
    {
      "identity" : "omgapi",
      "kind" : "remoteSourceControl",
      "location" : "https://github.com/iCalvin-Actual/omgapi",
      "state" : {
        "branch" : "blackbird",
        "revision" : "f96d774dad2a9dec0c14e3a738e4a1ecb2f24f2a"
      }
    },
    {
      "identity" : "omgui",
      "kind" : "remoteSourceControl",
      "location" : "https://github.com/iCalvin-Actual/omgui",
      "state" : {
        "branch" : "blackbird",
        "revision" : "04b3cbcab4b5583d4afb653744482e20822efd8a"
      }
    },
    {
      "identity" : "swift-markdown-ui",
      "kind" : "remoteSourceControl",
      "location" : "https://github.com/iCalvin-Actual/swift-markdown-ui",
      "state" : {
        "branch" : "main",
        "revision" : "bdbd43f80239966be3b451a5dba6c70753705975"
      }
    }
  ],
  "version" : 3
}
