// !$*UTF8*$!
{
	archiveVersion = 1;
	classes = {
	};
	objectVersion = 56;
	objects = {

/* Begin PBXBuildFile section */
		3E0A744E29B4950200EFD8E4 /* appDOTlolApp.swift in Sources */ = {isa = PBXBuildFile; fileRef = 3E0A744D29B4950200EFD8E4 /* appDOTlolApp.swift */; };
		3E0A745229B4950300EFD8E4 /* Assets.xcassets in Resources */ = {isa = PBXBuildFile; fileRef = 3E0A745129B4950300EFD8E4 /* Assets.xcassets */; };
		3E0A745629B4950300EFD8E4 /* Preview Assets.xcassets in Resources */ = {isa = PBXBuildFile; fileRef = 3E0A745529B4950300EFD8E4 /* Preview Assets.xcassets */; };
		3E2FBCA32DCC5919007B9C24 /* FilterableModels.swift in Sources */ = {isa = PBXBuildFile; fileRef = 3E2FBC472DCC5919007B9C24 /* FilterableModels.swift */; };
		3E2FBCA42DCC5919007B9C24 /* AddressProfileEditorView.swift in Sources */ = {isa = PBXBuildFile; fileRef = 3E2FBC782DCC5919007B9C24 /* AddressProfileEditorView.swift */; };
		3E2FBCA52DCC5919007B9C24 /* AccountView.swift in Sources */ = {isa = PBXBuildFile; fileRef = 3E2FBC712DCC5919007B9C24 /* AccountView.swift */; };
		3E2FBCA62DCC5919007B9C24 /* Request.swift in Sources */ = {isa = PBXBuildFile; fileRef = 3E2FBC5E2DCC5919007B9C24 /* Request.swift */; };
		3E2FBCA72DCC5919007B9C24 /* PURLDraftView.swift in Sources */ = {isa = PBXBuildFile; fileRef = 3E2FBC7B2DCC5919007B9C24 /* PURLDraftView.swift */; };
		3E2FBCA82DCC5919007B9C24 /* HTMLToMarkdownConverter.swift in Sources */ = {isa = PBXBuildFile; fileRef = 3E2FBC4B2DCC5919007B9C24 /* HTMLToMarkdownConverter.swift */; };
		3E2FBCA92DCC5919007B9C24 /* FollowingView.swift in Sources */ = {isa = PBXBuildFile; fileRef = 3E2FBC842DCC5919007B9C24 /* FollowingView.swift */; };
		3E2FBCAA2DCC5919007B9C24 /* String+.swift in Sources */ = {isa = PBXBuildFile; fileRef = 3E2FBC422DCC5919007B9C24 /* String+.swift */; };
		3E2FBCAB2DCC5919007B9C24 /* URLTextField.swift in Sources */ = {isa = PBXBuildFile; fileRef = 3E2FBC802DCC5919007B9C24 /* URLTextField.swift */; };
		3E2FBCAC2DCC5919007B9C24 /* NavigationDestination.swift in Sources */ = {isa = PBXBuildFile; fileRef = 3E2FBC322DCC5919007B9C24 /* NavigationDestination.swift */; };
		3E2FBCAD2DCC5919007B9C24 /* DataPosters.swift in Sources */ = {isa = PBXBuildFile; fileRef = 3E2FBC582DCC5919007B9C24 /* DataPosters.swift */; };
		3E2FBCAE2DCC5919007B9C24 /* RemoteListDataFetchers.swift in Sources */ = {isa = PBXBuildFile; fileRef = 3E2FBC562DCC5919007B9C24 /* RemoteListDataFetchers.swift */; };
		3E2FBCAF2DCC5919007B9C24 /* EnvironmentValues+.swift in Sources */ = {isa = PBXBuildFile; fileRef = 3E2FBC402DCC5919007B9C24 /* EnvironmentValues+.swift */; };
		3E2FBCB02DCC5919007B9C24 /* DirectoryView.swift in Sources */ = {isa = PBXBuildFile; fileRef = 3E2FBC832DCC5919007B9C24 /* DirectoryView.swift */; };
		3E2FBCB12DCC5919007B9C24 /* AddressPicker.swift in Sources */ = {isa = PBXBuildFile; fileRef = 3E2FBC672DCC5919007B9C24 /* AddressPicker.swift */; };
		3E2FBCB22DCC5919007B9C24 /* EditableModels.swift in Sources */ = {isa = PBXBuildFile; fileRef = 3E2FBC462DCC5919007B9C24 /* EditableModels.swift */; };
		3E2FBCB32DCC5919007B9C24 /* StatusList.swift in Sources */ = {isa = PBXBuildFile; fileRef = 3E2FBC8B2DCC5919007B9C24 /* StatusList.swift */; };
		3E2FBCB42DCC5919007B9C24 /* DestinationConstructor.swift in Sources */ = {isa = PBXBuildFile; fileRef = 3E2FBC3B2DCC5919007B9C24 /* DestinationConstructor.swift */; };
		3E2FBCB52DCC5919007B9C24 /* SceneModel.swift in Sources */ = {isa = PBXBuildFile; fileRef = 3E2FBC352DCC5919007B9C24 /* SceneModel.swift */; };
		3E2FBCB62DCC5919007B9C24 /* ThemedTextView.swift in Sources */ = {isa = PBXBuildFile; fileRef = 3E2FBC6E2DCC5919007B9C24 /* ThemedTextView.swift */; };
		3E2FBCB72DCC5919007B9C24 /* TabBar.swift in Sources */ = {isa = PBXBuildFile; fileRef = 3E2FBC922DCC5919007B9C24 /* TabBar.swift */; };
		3E2FBCB82DCC5919007B9C24 /* LoadingView.swift in Sources */ = {isa = PBXBuildFile; fileRef = 3E2FBC6C2DCC5919007B9C24 /* LoadingView.swift */; };
		3E2FBCB92DCC5919007B9C24 /* AppFeature.swift in Sources */ = {isa = PBXBuildFile; fileRef = 3E2FBC312DCC5919007B9C24 /* AppFeature.swift */; };
		3E2FBCBA2DCC5919007B9C24 /* AddressPastesView.swift in Sources */ = {isa = PBXBuildFile; fileRef = 3E2FBC612DCC5919007B9C24 /* AddressPastesView.swift */; };
		3E2FBCBB2DCC5919007B9C24 /* Sidebar.swift in Sources */ = {isa = PBXBuildFile; fileRef = 3E2FBC902DCC5919007B9C24 /* Sidebar.swift */; };
		3E2FBCBD2DCC5919007B9C24 /* PathTextField.swift in Sources */ = {isa = PBXBuildFile; fileRef = 3E2FBC7F2DCC5919007B9C24 /* PathTextField.swift */; };
		3E2FBCBE2DCC5919007B9C24 /* AddressNameView.swift in Sources */ = {isa = PBXBuildFile; fileRef = 3E2FBC662DCC5919007B9C24 /* AddressNameView.swift */; };
		3E2FBCBF2DCC5919007B9C24 /* MyStatusesView.swift in Sources */ = {isa = PBXBuildFile; fileRef = 3E2FBC892DCC5919007B9C24 /* MyStatusesView.swift */; };
		3E2FBCC02DCC5919007B9C24 /* Editable.swift in Sources */ = {isa = PBXBuildFile; fileRef = 3E2FBC492DCC5919007B9C24 /* Editable.swift */; };
		3E2FBCC12DCC5919007B9C24 /* AddressBook.swift in Sources */ = {isa = PBXBuildFile; fileRef = 3E2FBC442DCC5919007B9C24 /* AddressBook.swift */; };
		3E2FBCC22DCC5919007B9C24 /* PresentationDetent+.swift in Sources */ = {isa = PBXBuildFile; fileRef = 3E2FBC412DCC5919007B9C24 /* PresentationDetent+.swift */; };
		3E2FBCC32DCC5919007B9C24 /* HTMLContentView.swift in Sources */ = {isa = PBXBuildFile; fileRef = 3E2FBC942DCC5919007B9C24 /* HTMLContentView.swift */; };
		3E2FBCC42DCC5919007B9C24 /* DataFetcher.swift in Sources */ = {isa = PBXBuildFile; fileRef = 3E2FBC532DCC5919007B9C24 /* DataFetcher.swift */; };
		3E2FBCC52DCC5919007B9C24 /* AddressIconView.swift in Sources */ = {isa = PBXBuildFile; fileRef = 3E2FBC652DCC5919007B9C24 /* AddressIconView.swift */; };
		3E2FBCC62DCC5919007B9C24 /* CommunityView.swift in Sources */ = {isa = PBXBuildFile; fileRef = 3E2FBC822DCC5919007B9C24 /* CommunityView.swift */; };
		3E2FBCC72DCC5919007B9C24 /* StatusRowView.swift in Sources */ = {isa = PBXBuildFile; fileRef = 3E2FBC9B2DCC5919007B9C24 /* StatusRowView.swift */; };
		3E2FBCC82DCC5919007B9C24 /* GardenView.swift in Sources */ = {isa = PBXBuildFile; fileRef = 3E2FBC852DCC5919007B9C24 /* GardenView.swift */; };
		3E2FBCC92DCC5919007B9C24 /* NavigationItem+View.swift in Sources */ = {isa = PBXBuildFile; fileRef = 3E2FBC8F2DCC5919007B9C24 /* NavigationItem+View.swift */; };
		3E2FBCCA2DCC5919007B9C24 /* LocalListDataFetchers.swift in Sources */ = {isa = PBXBuildFile; fileRef = 3E2FBC542DCC5919007B9C24 /* LocalListDataFetchers.swift */; };
		3E2FBCCB2DCC5919007B9C24 /* PURLRowView.swift in Sources */ = {isa = PBXBuildFile; fileRef = 3E2FBC9A2DCC5919007B9C24 /* PURLRowView.swift */; };
		3E2FBCCC2DCC5919007B9C24 /* ModelBackedListDataFetchers.swift in Sources */ = {isa = PBXBuildFile; fileRef = 3E2FBC5C2DCC5919007B9C24 /* ModelBackedListDataFetchers.swift */; };
		3E2FBCCD2DCC5919007B9C24 /* StatusDraftView.swift in Sources */ = {isa = PBXBuildFile; fileRef = 3E2FBC7C2DCC5919007B9C24 /* StatusDraftView.swift */; };
		3E2FBCCE2DCC5919007B9C24 /* AuthentidationDataFetcher.swift in Sources */ = {isa = PBXBuildFile; fileRef = 3E2FBC522DCC5919007B9C24 /* AuthentidationDataFetcher.swift */; };
		3E2FBCCF2DCC5919007B9C24 /* PasteRowView.swift in Sources */ = {isa = PBXBuildFile; fileRef = 3E2FBC992DCC5919007B9C24 /* PasteRowView.swift */; };
		3E2FBCD02DCC5919007B9C24 /* AddressSummaryDataFetchers.swift in Sources */ = {isa = PBXBuildFile; fileRef = 3E2FBC512DCC5919007B9C24 /* AddressSummaryDataFetchers.swift */; };
		3E2FBCD12DCC5919007B9C24 /* NamedItemDraftView.swift in Sources */ = {isa = PBXBuildFile; fileRef = 3E2FBC792DCC5919007B9C24 /* NamedItemDraftView.swift */; };
		3E2FBCD22DCC5919007B9C24 /* ListsView.swift in Sources */ = {isa = PBXBuildFile; fileRef = 3E2FBC862DCC5919007B9C24 /* ListsView.swift */; };
		3E2FBCD32DCC5919007B9C24 /* PURLView.swift in Sources */ = {isa = PBXBuildFile; fileRef = 3E2FBC742DCC5919007B9C24 /* PURLView.swift */; };
		3E2FBCD42DCC5919007B9C24 /* NavigationItem.swift in Sources */ = {isa = PBXBuildFile; fileRef = 3E2FBC332DCC5919007B9C24 /* NavigationItem.swift */; };
		3E2FBCD52DCC5919007B9C24 /* SortButton.swift in Sources */ = {isa = PBXBuildFile; fileRef = 3E2FBC8D2DCC5919007B9C24 /* SortButton.swift */; };
		3E2FBCD62DCC5919007B9C24 /* DateFormatter+.swift in Sources */ = {isa = PBXBuildFile; fileRef = 3E2FBC3F2DCC5919007B9C24 /* DateFormatter+.swift */; };
		3E2FBCD72DCC5919007B9C24 /* PasteView.swift in Sources */ = {isa = PBXBuildFile; fileRef = 3E2FBC732DCC5919007B9C24 /* PasteView.swift */; };
		3E2FBCD82DCC5919007B9C24 /* UpsellView.swift in Sources */ = {isa = PBXBuildFile; fileRef = 3E2FBC762DCC5919007B9C24 /* UpsellView.swift */; };
		3E2FBCD92DCC5919007B9C24 /* ModelBackedFetchers.swift in Sources */ = {isa = PBXBuildFile; fileRef = 3E2FBC5B2DCC5919007B9C24 /* ModelBackedFetchers.swift */; };
		3E2FBCDA2DCC5919007B9C24 /* OnboardingView.swift in Sources */ = {isa = PBXBuildFile; fileRef = 3E2FBC722DCC5919007B9C24 /* OnboardingView.swift */; };
		3E2FBCDB2DCC5919007B9C24 /* MyPURLsView.swift in Sources */ = {isa = PBXBuildFile; fileRef = 3E2FBC882DCC5919007B9C24 /* MyPURLsView.swift */; };
		3E2FBCDC2DCC5919007B9C24 /* AddressPURLsView.swift in Sources */ = {isa = PBXBuildFile; fileRef = 3E2FBC632DCC5919007B9C24 /* AddressPURLsView.swift */; };
		3E2FBCDD2DCC5919007B9C24 /* AddressSummaryView.swift in Sources */ = {isa = PBXBuildFile; fileRef = 3E2FBC682DCC5919007B9C24 /* AddressSummaryView.swift */; };
		3E2FBCDE2DCC5919007B9C24 /* Filterable.swift in Sources */ = {isa = PBXBuildFile; fileRef = 3E2FBC4A2DCC5919007B9C24 /* Filterable.swift */; };
		3E2FBCDF2DCC5919007B9C24 /* ListView.swift in Sources */ = {isa = PBXBuildFile; fileRef = 3E2FBC6B2DCC5919007B9C24 /* ListView.swift */; };
		3E2FBCE02DCC5919007B9C24 /* AddressProfileView.swift in Sources */ = {isa = PBXBuildFile; fileRef = 3E2FBC622DCC5919007B9C24 /* AddressProfileView.swift */; };
		3E2FBCE12DCC5919007B9C24 /* EmojiPicker.swift in Sources */ = {isa = PBXBuildFile; fileRef = 3E2FBC7E2DCC5919007B9C24 /* EmojiPicker.swift */; };
		3E2FBCE22DCC5919007B9C24 /* SafetyView.swift in Sources */ = {isa = PBXBuildFile; fileRef = 3E2FBC8A2DCC5919007B9C24 /* SafetyView.swift */; };
		3E2FBCE32DCC5919007B9C24 /* AddressContent.swift in Sources */ = {isa = PBXBuildFile; fileRef = 3E2FBC452DCC5919007B9C24 /* AddressContent.swift */; };
		3E2FBCE42DCC5919007B9C24 /* AboutView.swift in Sources */ = {isa = PBXBuildFile; fileRef = 3E2FBC702DCC5919007B9C24 /* AboutView.swift */; };
		3E2FBCE52DCC5919007B9C24 /* MyPastesView.swift in Sources */ = {isa = PBXBuildFile; fileRef = 3E2FBC872DCC5919007B9C24 /* MyPastesView.swift */; };
		3E2FBCE62DCC5919007B9C24 /* MarkdownContentView.swift in Sources */ = {isa = PBXBuildFile; fileRef = 3E2FBC962DCC5919007B9C24 /* MarkdownContentView.swift */; };
		3E2FBCE72DCC5919007B9C24 /* SidebarModel.swift in Sources */ = {isa = PBXBuildFile; fileRef = 3E2FBC362DCC5919007B9C24 /* SidebarModel.swift */; };
		3E2FBCE82DCC5919007B9C24 /* Sortable.swift in Sources */ = {isa = PBXBuildFile; fileRef = 3E2FBC4F2DCC5919007B9C24 /* Sortable.swift */; };
		3E2FBCE92DCC5919007B9C24 /* ModelBackedDataFetchers.swift in Sources */ = {isa = PBXBuildFile; fileRef = 3E2FBC5A2DCC5919007B9C24 /* ModelBackedDataFetchers.swift */; };
		3E2FBCEA2DCC5919007B9C24 /* ListRow.swift in Sources */ = {isa = PBXBuildFile; fileRef = 3E2FBC6A2DCC5919007B9C24 /* ListRow.swift */; };
		3E2FBCEB2DCC5919007B9C24 /* Color+.swift in Sources */ = {isa = PBXBuildFile; fileRef = 3E2FBC3E2DCC5919007B9C24 /* Color+.swift */; };
		3E2FBCEC2DCC5919007B9C24 /* Listable.swift in Sources */ = {isa = PBXBuildFile; fileRef = 3E2FBC4C2DCC5919007B9C24 /* Listable.swift */; };
		3E2FBCED2DCC5919007B9C24 /* AddressNowView.swift in Sources */ = {isa = PBXBuildFile; fileRef = 3E2FBC602DCC5919007B9C24 /* AddressNowView.swift */; };
		3E2FBCEE2DCC5919007B9C24 /* PasteDraftView.swift in Sources */ = {isa = PBXBuildFile; fileRef = 3E2FBC7A2DCC5919007B9C24 /* PasteDraftView.swift */; };
		3E2FBCEF2DCC5919007B9C24 /* Shareable.swift in Sources */ = {isa = PBXBuildFile; fileRef = 3E2FBC4E2DCC5919007B9C24 /* Shareable.swift */; };
		3E2FBCF02DCC5919007B9C24 /* FetchConstructor.swift in Sources */ = {isa = PBXBuildFile; fileRef = 3E2FBC3C2DCC5919007B9C24 /* FetchConstructor.swift */; };
		3E2FBCF12DCC5919007B9C24 /* SafariView.swift in Sources */ = {isa = PBXBuildFile; fileRef = 3E2FBC972DCC5919007B9C24 /* SafariView.swift */; };
		3E2FBCF22DCC5919007B9C24 /* StatusView.swift in Sources */ = {isa = PBXBuildFile; fileRef = 3E2FBC752DCC5919007B9C24 /* StatusView.swift */; };
		3E2FBCF32DCC5919007B9C24 /* Menuable.swift in Sources */ = {isa = PBXBuildFile; fileRef = 3E2FBC4D2DCC5919007B9C24 /* Menuable.swift */; };
		3E2FBCF42DCC5919007B9C24 /* CardViewModifier.swift in Sources */ = {isa = PBXBuildFile; fileRef = 3E2FBC9D2DCC5919007B9C24 /* CardViewModifier.swift */; };
		3E2FBCF52DCC5919007B9C24 /* HTMLFetcherView.swift in Sources */ = {isa = PBXBuildFile; fileRef = 3E2FBC952DCC5919007B9C24 /* HTMLFetcherView.swift */; };
		3E2FBCF62DCC5919007B9C24 /* RemoteDataFetchers.swift in Sources */ = {isa = PBXBuildFile; fileRef = 3E2FBC552DCC5919007B9C24 /* RemoteDataFetchers.swift */; };
		3E2FBCF72DCC5919007B9C24 /* LogoView.swift in Sources */ = {isa = PBXBuildFile; fileRef = 3E2FBC6D2DCC5919007B9C24 /* LogoView.swift */; };
		3E2FBD072DCC591E007B9C24 /* SampleDataInterface.swift in Sources */ = {isa = PBXBuildFile; fileRef = 3E2FBD012DCC591E007B9C24 /* SampleDataInterface.swift */; };
		3E2FBD082DCC591E007B9C24 /* omgui.swift in Sources */ = {isa = PBXBuildFile; fileRef = 3E2FBD042DCC591E007B9C24 /* omgui.swift */; };
		3E2FBD092DCC591E007B9C24 /* String+Public.swift in Sources */ = {isa = PBXBuildFile; fileRef = 3E2FBCFB2DCC591E007B9C24 /* String+Public.swift */; };
		3E2FBD0A2DCC591E007B9C24 /* Identifiable.swift in Sources */ = {isa = PBXBuildFile; fileRef = 3E2FBCF92DCC591E007B9C24 /* Identifiable.swift */; };
		3E2FBD0B2DCC591E007B9C24 /* RawRepresentable.swift in Sources */ = {isa = PBXBuildFile; fileRef = 3E2FBCFA2DCC591E007B9C24 /* RawRepresentable.swift */; };
		3E2FBD0C2DCC591E007B9C24 /* Aliases.swift in Sources */ = {isa = PBXBuildFile; fileRef = 3E2FBCFD2DCC591E007B9C24 /* Aliases.swift */; };
		3E2FBD0D2DCC591E007B9C24 /* ClientInfo.swift in Sources */ = {isa = PBXBuildFile; fileRef = 3E2FBCFE2DCC591E007B9C24 /* ClientInfo.swift */; };
		3E2FBD0E2DCC591E007B9C24 /* Drafts.swift in Sources */ = {isa = PBXBuildFile; fileRef = 3E2FBD002DCC591E007B9C24 /* Drafts.swift */; };
		3E2FBD0F2DCC591E007B9C24 /* DataInterface.swift in Sources */ = {isa = PBXBuildFile; fileRef = 3E2FBCFF2DCC591E007B9C24 /* DataInterface.swift */; };
		3E2FBD102DCC591E007B9C24 /* ViewModels.swift in Sources */ = {isa = PBXBuildFile; fileRef = 3E2FBD022DCC591E007B9C24 /* ViewModels.swift */; };
		3E2FBD112DCC591E007B9C24 /* RootView.swift in Sources */ = {isa = PBXBuildFile; fileRef = 3E2FBD052DCC591E007B9C24 /* RootView.swift */; };
		3E2FBD122DCC591E007B9C24 /* Hashable.swift in Sources */ = {isa = PBXBuildFile; fileRef = 3E2FBCF82DCC591E007B9C24 /* Hashable.swift */; };
		3E2FBD152DCC5A0C007B9C24 /* MarkdownUI in Frameworks */ = {isa = PBXBuildFile; productRef = 3E2FBD142DCC5A0C007B9C24 /* MarkdownUI */; };
		3E2FBD182DCC5A1A007B9C24 /* Blackbird in Frameworks */ = {isa = PBXBuildFile; productRef = 3E2FBD172DCC5A1A007B9C24 /* Blackbird */; };
		3E2FBD1B2DCC5A26007B9C24 /* MarkdownEditor in Frameworks */ = {isa = PBXBuildFile; productRef = 3E2FBD1A2DCC5A26007B9C24 /* MarkdownEditor */; };
		3E2FBD1E2DCC5A3A007B9C24 /* Punycode in Frameworks */ = {isa = PBXBuildFile; productRef = 3E2FBD1D2DCC5A3A007B9C24 /* Punycode */; };
		3E3C62592E04A6830035E466 /* SearchLanding.swift in Sources */ = {isa = PBXBuildFile; fileRef = 3E3C62582E04A6830035E466 /* SearchLanding.swift */; };
		3E67DAF629B4CC8100B7DF82 /* APIInterface.swift in Sources */ = {isa = PBXBuildFile; fileRef = 3E67DAF529B4CC8100B7DF82 /* APIInterface.swift */; };
		3E7C162329C35777007C85EC /* omgapi in Frameworks */ = {isa = PBXBuildFile; productRef = 3E7C162229C35777007C85EC /* omgapi */; };
/* End PBXBuildFile section */

/* Begin PBXCopyFilesBuildPhase section */
		3E0A747B29B4959000EFD8E4 /* Embed Frameworks */ = {
			isa = PBXCopyFilesBuildPhase;
			buildActionMask = 2147483647;
			dstPath = "";
			dstSubfolderSpec = 10;
			files = (
			);
			name = "Embed Frameworks";
			runOnlyForDeploymentPostprocessing = 0;
		};
/* End PBXCopyFilesBuildPhase section */

/* Begin PBXFileReference section */
		3E0A744A29B4950200EFD8E4 /* appDOTlol.app */ = {isa = PBXFileReference; explicitFileType = wrapper.application; includeInIndex = 0; path = appDOTlol.app; sourceTree = BUILT_PRODUCTS_DIR; };
		3E0A744D29B4950200EFD8E4 /* appDOTlolApp.swift */ = {isa = PBXFileReference; lastKnownFileType = sourcecode.swift; path = appDOTlolApp.swift; sourceTree = "<group>"; };
		3E0A745129B4950300EFD8E4 /* Assets.xcassets */ = {isa = PBXFileReference; lastKnownFileType = folder.assetcatalog; path = Assets.xcassets; sourceTree = "<group>"; };
		3E0A745329B4950300EFD8E4 /* appDOTlol.entitlements */ = {isa = PBXFileReference; lastKnownFileType = text.plist.entitlements; path = appDOTlol.entitlements; sourceTree = "<group>"; };
		3E0A745529B4950300EFD8E4 /* Preview Assets.xcassets */ = {isa = PBXFileReference; lastKnownFileType = folder.assetcatalog; path = "Preview Assets.xcassets"; sourceTree = "<group>"; };
		3E2FBC312DCC5919007B9C24 /* AppFeature.swift */ = {isa = PBXFileReference; lastKnownFileType = sourcecode.swift; path = AppFeature.swift; sourceTree = "<group>"; };
		3E2FBC322DCC5919007B9C24 /* NavigationDestination.swift */ = {isa = PBXFileReference; lastKnownFileType = sourcecode.swift; path = NavigationDestination.swift; sourceTree = "<group>"; };
		3E2FBC332DCC5919007B9C24 /* NavigationItem.swift */ = {isa = PBXFileReference; lastKnownFileType = sourcecode.swift; path = NavigationItem.swift; sourceTree = "<group>"; };
		3E2FBC352DCC5919007B9C24 /* SceneModel.swift */ = {isa = PBXFileReference; lastKnownFileType = sourcecode.swift; path = SceneModel.swift; sourceTree = "<group>"; };
		3E2FBC362DCC5919007B9C24 /* SidebarModel.swift */ = {isa = PBXFileReference; lastKnownFileType = sourcecode.swift; path = SidebarModel.swift; sourceTree = "<group>"; };
		3E2FBC3B2DCC5919007B9C24 /* DestinationConstructor.swift */ = {isa = PBXFileReference; lastKnownFileType = sourcecode.swift; path = DestinationConstructor.swift; sourceTree = "<group>"; };
		3E2FBC3C2DCC5919007B9C24 /* FetchConstructor.swift */ = {isa = PBXFileReference; lastKnownFileType = sourcecode.swift; path = FetchConstructor.swift; sourceTree = "<group>"; };
		3E2FBC3E2DCC5919007B9C24 /* Color+.swift */ = {isa = PBXFileReference; lastKnownFileType = sourcecode.swift; path = "Color+.swift"; sourceTree = "<group>"; };
		3E2FBC3F2DCC5919007B9C24 /* DateFormatter+.swift */ = {isa = PBXFileReference; lastKnownFileType = sourcecode.swift; path = "DateFormatter+.swift"; sourceTree = "<group>"; };
		3E2FBC402DCC5919007B9C24 /* EnvironmentValues+.swift */ = {isa = PBXFileReference; lastKnownFileType = sourcecode.swift; path = "EnvironmentValues+.swift"; sourceTree = "<group>"; };
		3E2FBC412DCC5919007B9C24 /* PresentationDetent+.swift */ = {isa = PBXFileReference; lastKnownFileType = sourcecode.swift; path = "PresentationDetent+.swift"; sourceTree = "<group>"; };
		3E2FBC422DCC5919007B9C24 /* String+.swift */ = {isa = PBXFileReference; lastKnownFileType = sourcecode.swift; path = "String+.swift"; sourceTree = "<group>"; };
		3E2FBC442DCC5919007B9C24 /* AddressBook.swift */ = {isa = PBXFileReference; lastKnownFileType = sourcecode.swift; path = AddressBook.swift; sourceTree = "<group>"; };
		3E2FBC452DCC5919007B9C24 /* AddressContent.swift */ = {isa = PBXFileReference; lastKnownFileType = sourcecode.swift; path = AddressContent.swift; sourceTree = "<group>"; };
		3E2FBC462DCC5919007B9C24 /* EditableModels.swift */ = {isa = PBXFileReference; lastKnownFileType = sourcecode.swift; path = EditableModels.swift; sourceTree = "<group>"; };
		3E2FBC472DCC5919007B9C24 /* FilterableModels.swift */ = {isa = PBXFileReference; lastKnownFileType = sourcecode.swift; path = FilterableModels.swift; sourceTree = "<group>"; };
		3E2FBC492DCC5919007B9C24 /* Editable.swift */ = {isa = PBXFileReference; lastKnownFileType = sourcecode.swift; path = Editable.swift; sourceTree = "<group>"; };
		3E2FBC4A2DCC5919007B9C24 /* Filterable.swift */ = {isa = PBXFileReference; lastKnownFileType = sourcecode.swift; path = Filterable.swift; sourceTree = "<group>"; };
		3E2FBC4B2DCC5919007B9C24 /* HTMLToMarkdownConverter.swift */ = {isa = PBXFileReference; lastKnownFileType = sourcecode.swift; path = HTMLToMarkdownConverter.swift; sourceTree = "<group>"; };
		3E2FBC4C2DCC5919007B9C24 /* Listable.swift */ = {isa = PBXFileReference; lastKnownFileType = sourcecode.swift; path = Listable.swift; sourceTree = "<group>"; };
		3E2FBC4D2DCC5919007B9C24 /* Menuable.swift */ = {isa = PBXFileReference; lastKnownFileType = sourcecode.swift; path = Menuable.swift; sourceTree = "<group>"; };
		3E2FBC4E2DCC5919007B9C24 /* Shareable.swift */ = {isa = PBXFileReference; lastKnownFileType = sourcecode.swift; path = Shareable.swift; sourceTree = "<group>"; };
		3E2FBC4F2DCC5919007B9C24 /* Sortable.swift */ = {isa = PBXFileReference; lastKnownFileType = sourcecode.swift; path = Sortable.swift; sourceTree = "<group>"; };
		3E2FBC512DCC5919007B9C24 /* AddressSummaryDataFetchers.swift */ = {isa = PBXFileReference; lastKnownFileType = sourcecode.swift; path = AddressSummaryDataFetchers.swift; sourceTree = "<group>"; };
		3E2FBC522DCC5919007B9C24 /* AuthentidationDataFetcher.swift */ = {isa = PBXFileReference; lastKnownFileType = sourcecode.swift; path = AuthentidationDataFetcher.swift; sourceTree = "<group>"; };
		3E2FBC532DCC5919007B9C24 /* DataFetcher.swift */ = {isa = PBXFileReference; lastKnownFileType = sourcecode.swift; path = DataFetcher.swift; sourceTree = "<group>"; };
		3E2FBC542DCC5919007B9C24 /* LocalListDataFetchers.swift */ = {isa = PBXFileReference; lastKnownFileType = sourcecode.swift; path = LocalListDataFetchers.swift; sourceTree = "<group>"; };
		3E2FBC552DCC5919007B9C24 /* RemoteDataFetchers.swift */ = {isa = PBXFileReference; lastKnownFileType = sourcecode.swift; path = RemoteDataFetchers.swift; sourceTree = "<group>"; };
		3E2FBC562DCC5919007B9C24 /* RemoteListDataFetchers.swift */ = {isa = PBXFileReference; lastKnownFileType = sourcecode.swift; path = RemoteListDataFetchers.swift; sourceTree = "<group>"; };
		3E2FBC582DCC5919007B9C24 /* DataPosters.swift */ = {isa = PBXFileReference; lastKnownFileType = sourcecode.swift; path = DataPosters.swift; sourceTree = "<group>"; };
		3E2FBC5A2DCC5919007B9C24 /* ModelBackedDataFetchers.swift */ = {isa = PBXFileReference; lastKnownFileType = sourcecode.swift; path = ModelBackedDataFetchers.swift; sourceTree = "<group>"; };
		3E2FBC5B2DCC5919007B9C24 /* ModelBackedFetchers.swift */ = {isa = PBXFileReference; lastKnownFileType = sourcecode.swift; path = ModelBackedFetchers.swift; sourceTree = "<group>"; };
		3E2FBC5C2DCC5919007B9C24 /* ModelBackedListDataFetchers.swift */ = {isa = PBXFileReference; lastKnownFileType = sourcecode.swift; path = ModelBackedListDataFetchers.swift; sourceTree = "<group>"; };
		3E2FBC5E2DCC5919007B9C24 /* Request.swift */ = {isa = PBXFileReference; lastKnownFileType = sourcecode.swift; path = Request.swift; sourceTree = "<group>"; };
		3E2FBC602DCC5919007B9C24 /* AddressNowView.swift */ = {isa = PBXFileReference; lastKnownFileType = sourcecode.swift; path = AddressNowView.swift; sourceTree = "<group>"; };
		3E2FBC612DCC5919007B9C24 /* AddressPastesView.swift */ = {isa = PBXFileReference; lastKnownFileType = sourcecode.swift; path = AddressPastesView.swift; sourceTree = "<group>"; };
		3E2FBC622DCC5919007B9C24 /* AddressProfileView.swift */ = {isa = PBXFileReference; lastKnownFileType = sourcecode.swift; path = AddressProfileView.swift; sourceTree = "<group>"; };
		3E2FBC632DCC5919007B9C24 /* AddressPURLsView.swift */ = {isa = PBXFileReference; lastKnownFileType = sourcecode.swift; path = AddressPURLsView.swift; sourceTree = "<group>"; };
		3E2FBC652DCC5919007B9C24 /* AddressIconView.swift */ = {isa = PBXFileReference; lastKnownFileType = sourcecode.swift; path = AddressIconView.swift; sourceTree = "<group>"; };
		3E2FBC662DCC5919007B9C24 /* AddressNameView.swift */ = {isa = PBXFileReference; lastKnownFileType = sourcecode.swift; path = AddressNameView.swift; sourceTree = "<group>"; };
		3E2FBC672DCC5919007B9C24 /* AddressPicker.swift */ = {isa = PBXFileReference; lastKnownFileType = sourcecode.swift; path = AddressPicker.swift; sourceTree = "<group>"; };
		3E2FBC682DCC5919007B9C24 /* AddressSummaryView.swift */ = {isa = PBXFileReference; lastKnownFileType = sourcecode.swift; path = AddressSummaryView.swift; sourceTree = "<group>"; };
		3E2FBC6A2DCC5919007B9C24 /* ListRow.swift */ = {isa = PBXFileReference; lastKnownFileType = sourcecode.swift; path = ListRow.swift; sourceTree = "<group>"; };
		3E2FBC6B2DCC5919007B9C24 /* ListView.swift */ = {isa = PBXFileReference; lastKnownFileType = sourcecode.swift; path = ListView.swift; sourceTree = "<group>"; };
		3E2FBC6C2DCC5919007B9C24 /* LoadingView.swift */ = {isa = PBXFileReference; lastKnownFileType = sourcecode.swift; path = LoadingView.swift; sourceTree = "<group>"; };
		3E2FBC6D2DCC5919007B9C24 /* LogoView.swift */ = {isa = PBXFileReference; lastKnownFileType = sourcecode.swift; path = LogoView.swift; sourceTree = "<group>"; };
		3E2FBC6E2DCC5919007B9C24 /* ThemedTextView.swift */ = {isa = PBXFileReference; lastKnownFileType = sourcecode.swift; path = ThemedTextView.swift; sourceTree = "<group>"; };
		3E2FBC702DCC5919007B9C24 /* AboutView.swift */ = {isa = PBXFileReference; lastKnownFileType = sourcecode.swift; path = AboutView.swift; sourceTree = "<group>"; };
		3E2FBC712DCC5919007B9C24 /* AccountView.swift */ = {isa = PBXFileReference; lastKnownFileType = sourcecode.swift; path = AccountView.swift; sourceTree = "<group>"; };
		3E2FBC722DCC5919007B9C24 /* OnboardingView.swift */ = {isa = PBXFileReference; lastKnownFileType = sourcecode.swift; path = OnboardingView.swift; sourceTree = "<group>"; };
		3E2FBC732DCC5919007B9C24 /* PasteView.swift */ = {isa = PBXFileReference; lastKnownFileType = sourcecode.swift; path = PasteView.swift; sourceTree = "<group>"; };
		3E2FBC742DCC5919007B9C24 /* PURLView.swift */ = {isa = PBXFileReference; lastKnownFileType = sourcecode.swift; path = PURLView.swift; sourceTree = "<group>"; };
		3E2FBC752DCC5919007B9C24 /* StatusView.swift */ = {isa = PBXFileReference; lastKnownFileType = sourcecode.swift; path = StatusView.swift; sourceTree = "<group>"; };
		3E2FBC762DCC5919007B9C24 /* UpsellView.swift */ = {isa = PBXFileReference; lastKnownFileType = sourcecode.swift; path = UpsellView.swift; sourceTree = "<group>"; };
		3E2FBC782DCC5919007B9C24 /* AddressProfileEditorView.swift */ = {isa = PBXFileReference; lastKnownFileType = sourcecode.swift; path = AddressProfileEditorView.swift; sourceTree = "<group>"; };
		3E2FBC792DCC5919007B9C24 /* NamedItemDraftView.swift */ = {isa = PBXFileReference; lastKnownFileType = sourcecode.swift; path = NamedItemDraftView.swift; sourceTree = "<group>"; };
		3E2FBC7A2DCC5919007B9C24 /* PasteDraftView.swift */ = {isa = PBXFileReference; lastKnownFileType = sourcecode.swift; path = PasteDraftView.swift; sourceTree = "<group>"; };
		3E2FBC7B2DCC5919007B9C24 /* PURLDraftView.swift */ = {isa = PBXFileReference; lastKnownFileType = sourcecode.swift; path = PURLDraftView.swift; sourceTree = "<group>"; };
		3E2FBC7C2DCC5919007B9C24 /* StatusDraftView.swift */ = {isa = PBXFileReference; lastKnownFileType = sourcecode.swift; path = StatusDraftView.swift; sourceTree = "<group>"; };
		3E2FBC7E2DCC5919007B9C24 /* EmojiPicker.swift */ = {isa = PBXFileReference; lastKnownFileType = sourcecode.swift; path = EmojiPicker.swift; sourceTree = "<group>"; };
		3E2FBC7F2DCC5919007B9C24 /* PathTextField.swift */ = {isa = PBXFileReference; lastKnownFileType = sourcecode.swift; path = PathTextField.swift; sourceTree = "<group>"; };
		3E2FBC802DCC5919007B9C24 /* URLTextField.swift */ = {isa = PBXFileReference; lastKnownFileType = sourcecode.swift; path = URLTextField.swift; sourceTree = "<group>"; };
		3E2FBC822DCC5919007B9C24 /* CommunityView.swift */ = {isa = PBXFileReference; lastKnownFileType = sourcecode.swift; path = CommunityView.swift; sourceTree = "<group>"; };
		3E2FBC832DCC5919007B9C24 /* DirectoryView.swift */ = {isa = PBXFileReference; lastKnownFileType = sourcecode.swift; path = DirectoryView.swift; sourceTree = "<group>"; };
		3E2FBC842DCC5919007B9C24 /* FollowingView.swift */ = {isa = PBXFileReference; lastKnownFileType = sourcecode.swift; path = FollowingView.swift; sourceTree = "<group>"; };
		3E2FBC852DCC5919007B9C24 /* GardenView.swift */ = {isa = PBXFileReference; lastKnownFileType = sourcecode.swift; path = GardenView.swift; sourceTree = "<group>"; };
		3E2FBC862DCC5919007B9C24 /* ListsView.swift */ = {isa = PBXFileReference; lastKnownFileType = sourcecode.swift; path = ListsView.swift; sourceTree = "<group>"; };
		3E2FBC872DCC5919007B9C24 /* MyPastesView.swift */ = {isa = PBXFileReference; lastKnownFileType = sourcecode.swift; path = MyPastesView.swift; sourceTree = "<group>"; };
		3E2FBC882DCC5919007B9C24 /* MyPURLsView.swift */ = {isa = PBXFileReference; lastKnownFileType = sourcecode.swift; path = MyPURLsView.swift; sourceTree = "<group>"; };
		3E2FBC892DCC5919007B9C24 /* MyStatusesView.swift */ = {isa = PBXFileReference; lastKnownFileType = sourcecode.swift; path = MyStatusesView.swift; sourceTree = "<group>"; };
		3E2FBC8A2DCC5919007B9C24 /* SafetyView.swift */ = {isa = PBXFileReference; lastKnownFileType = sourcecode.swift; path = SafetyView.swift; sourceTree = "<group>"; };
		3E2FBC8B2DCC5919007B9C24 /* StatusList.swift */ = {isa = PBXFileReference; lastKnownFileType = sourcecode.swift; path = StatusList.swift; sourceTree = "<group>"; };
		3E2FBC8D2DCC5919007B9C24 /* SortButton.swift */ = {isa = PBXFileReference; lastKnownFileType = sourcecode.swift; path = SortButton.swift; sourceTree = "<group>"; };
		3E2FBC8F2DCC5919007B9C24 /* NavigationItem+View.swift */ = {isa = PBXFileReference; lastKnownFileType = sourcecode.swift; path = "NavigationItem+View.swift"; sourceTree = "<group>"; };
		3E2FBC902DCC5919007B9C24 /* Sidebar.swift */ = {isa = PBXFileReference; lastKnownFileType = sourcecode.swift; path = Sidebar.swift; sourceTree = "<group>"; };
		3E2FBC922DCC5919007B9C24 /* TabBar.swift */ = {isa = PBXFileReference; lastKnownFileType = sourcecode.swift; path = TabBar.swift; sourceTree = "<group>"; };
		3E2FBC942DCC5919007B9C24 /* HTMLContentView.swift */ = {isa = PBXFileReference; lastKnownFileType = sourcecode.swift; path = HTMLContentView.swift; sourceTree = "<group>"; };
		3E2FBC952DCC5919007B9C24 /* HTMLFetcherView.swift */ = {isa = PBXFileReference; lastKnownFileType = sourcecode.swift; path = HTMLFetcherView.swift; sourceTree = "<group>"; };
		3E2FBC962DCC5919007B9C24 /* MarkdownContentView.swift */ = {isa = PBXFileReference; lastKnownFileType = sourcecode.swift; path = MarkdownContentView.swift; sourceTree = "<group>"; };
		3E2FBC972DCC5919007B9C24 /* SafariView.swift */ = {isa = PBXFileReference; lastKnownFileType = sourcecode.swift; path = SafariView.swift; sourceTree = "<group>"; };
		3E2FBC992DCC5919007B9C24 /* PasteRowView.swift */ = {isa = PBXFileReference; lastKnownFileType = sourcecode.swift; path = PasteRowView.swift; sourceTree = "<group>"; };
		3E2FBC9A2DCC5919007B9C24 /* PURLRowView.swift */ = {isa = PBXFileReference; lastKnownFileType = sourcecode.swift; path = PURLRowView.swift; sourceTree = "<group>"; };
		3E2FBC9B2DCC5919007B9C24 /* StatusRowView.swift */ = {isa = PBXFileReference; lastKnownFileType = sourcecode.swift; path = StatusRowView.swift; sourceTree = "<group>"; };
		3E2FBC9D2DCC5919007B9C24 /* CardViewModifier.swift */ = {isa = PBXFileReference; lastKnownFileType = sourcecode.swift; path = CardViewModifier.swift; sourceTree = "<group>"; };
		3E2FBCF82DCC591E007B9C24 /* Hashable.swift */ = {isa = PBXFileReference; lastKnownFileType = sourcecode.swift; path = Hashable.swift; sourceTree = "<group>"; };
		3E2FBCF92DCC591E007B9C24 /* Identifiable.swift */ = {isa = PBXFileReference; lastKnownFileType = sourcecode.swift; path = Identifiable.swift; sourceTree = "<group>"; };
		3E2FBCFA2DCC591E007B9C24 /* RawRepresentable.swift */ = {isa = PBXFileReference; lastKnownFileType = sourcecode.swift; path = RawRepresentable.swift; sourceTree = "<group>"; };
		3E2FBCFB2DCC591E007B9C24 /* String+Public.swift */ = {isa = PBXFileReference; lastKnownFileType = sourcecode.swift; path = "String+Public.swift"; sourceTree = "<group>"; };
		3E2FBCFD2DCC591E007B9C24 /* Aliases.swift */ = {isa = PBXFileReference; lastKnownFileType = sourcecode.swift; path = Aliases.swift; sourceTree = "<group>"; };
		3E2FBCFE2DCC591E007B9C24 /* ClientInfo.swift */ = {isa = PBXFileReference; lastKnownFileType = sourcecode.swift; path = ClientInfo.swift; sourceTree = "<group>"; };
		3E2FBCFF2DCC591E007B9C24 /* DataInterface.swift */ = {isa = PBXFileReference; lastKnownFileType = sourcecode.swift; path = DataInterface.swift; sourceTree = "<group>"; };
		3E2FBD002DCC591E007B9C24 /* Drafts.swift */ = {isa = PBXFileReference; lastKnownFileType = sourcecode.swift; path = Drafts.swift; sourceTree = "<group>"; };
		3E2FBD012DCC591E007B9C24 /* SampleDataInterface.swift */ = {isa = PBXFileReference; lastKnownFileType = sourcecode.swift; path = SampleDataInterface.swift; sourceTree = "<group>"; };
		3E2FBD022DCC591E007B9C24 /* ViewModels.swift */ = {isa = PBXFileReference; lastKnownFileType = sourcecode.swift; path = ViewModels.swift; sourceTree = "<group>"; };
		3E2FBD042DCC591E007B9C24 /* omgui.swift */ = {isa = PBXFileReference; lastKnownFileType = sourcecode.swift; path = omgui.swift; sourceTree = "<group>"; };
		3E2FBD052DCC591E007B9C24 /* RootView.swift */ = {isa = PBXFileReference; lastKnownFileType = sourcecode.swift; path = RootView.swift; sourceTree = "<group>"; };
		3E3C62582E04A6830035E466 /* SearchLanding.swift */ = {isa = PBXFileReference; lastKnownFileType = sourcecode.swift; path = SearchLanding.swift; sourceTree = "<group>"; };
		3E67DAF529B4CC8100B7DF82 /* APIInterface.swift */ = {isa = PBXFileReference; lastKnownFileType = sourcecode.swift; path = APIInterface.swift; sourceTree = "<group>"; };
		3EC12B2929BF92CA00367B45 /* Info.plist */ = {isa = PBXFileReference; lastKnownFileType = text.plist.xml; path = Info.plist; sourceTree = "<group>"; };
/* End PBXFileReference section */

/* Begin PBXFrameworksBuildPhase section */
		3E0A744729B4950200EFD8E4 /* Frameworks */ = {
			isa = PBXFrameworksBuildPhase;
			buildActionMask = 2147483647;
			files = (
				3E2FBD1B2DCC5A26007B9C24 /* MarkdownEditor in Frameworks */,
				3E2FBD182DCC5A1A007B9C24 /* Blackbird in Frameworks */,
				3E7C162329C35777007C85EC /* omgapi in Frameworks */,
				3E2FBD1E2DCC5A3A007B9C24 /* Punycode in Frameworks */,
				3E2FBD152DCC5A0C007B9C24 /* MarkdownUI in Frameworks */,
			);
			runOnlyForDeploymentPostprocessing = 0;
		};
/* End PBXFrameworksBuildPhase section */

/* Begin PBXGroup section */
		3E0A744129B4950200EFD8E4 = {
			isa = PBXGroup;
			children = (
				3E0A744C29B4950200EFD8E4 /* appDOTlol */,
				3E2FBC302DCC58E2007B9C24 /* omgui */,
				3E0A744B29B4950200EFD8E4 /* Products */,
				3E0A74BD29B4B2F600EFD8E4 /* Frameworks */,
			);
			sourceTree = "<group>";
		};
		3E0A744B29B4950200EFD8E4 /* Products */ = {
			isa = PBXGroup;
			children = (
				3E0A744A29B4950200EFD8E4 /* appDOTlol.app */,
			);
			name = Products;
			sourceTree = "<group>";
		};
		3E0A744C29B4950200EFD8E4 /* appDOTlol */ = {
			isa = PBXGroup;
			children = (
				3EC12B2929BF92CA00367B45 /* Info.plist */,
				3E0A744D29B4950200EFD8E4 /* appDOTlolApp.swift */,
				3E67DAF529B4CC8100B7DF82 /* APIInterface.swift */,
				3E0A745129B4950300EFD8E4 /* Assets.xcassets */,
				3E0A745329B4950300EFD8E4 /* appDOTlol.entitlements */,
				3E0A745429B4950300EFD8E4 /* Preview Content */,
			);
			path = appDOTlol;
			sourceTree = "<group>";
		};
		3E0A745429B4950300EFD8E4 /* Preview Content */ = {
			isa = PBXGroup;
			children = (
				3E0A745529B4950300EFD8E4 /* Preview Assets.xcassets */,
			);
			path = "Preview Content";
			sourceTree = "<group>";
		};
		3E0A74BD29B4B2F600EFD8E4 /* Frameworks */ = {
			isa = PBXGroup;
			children = (
			);
			name = Frameworks;
			sourceTree = "<group>";
		};
		3E2FBC302DCC58E2007B9C24 /* omgui */ = {
			isa = PBXGroup;
			children = (
				3E2FBD062DCC591E007B9C24 /* Public */,
				3E2FBCA02DCC5919007B9C24 /* Internal */,
			);
			path = omgui;
			sourceTree = "<group>";
		};
		3E2FBC342DCC5919007B9C24 /* Navigation */ = {
			isa = PBXGroup;
			children = (
				3E2FBC312DCC5919007B9C24 /* AppFeature.swift */,
				3E2FBC322DCC5919007B9C24 /* NavigationDestination.swift */,
				3E2FBC332DCC5919007B9C24 /* NavigationItem.swift */,
			);
			path = Navigation;
			sourceTree = "<group>";
		};
		3E2FBC372DCC5919007B9C24 /* AppModels */ = {
			isa = PBXGroup;
			children = (
				3E2FBC342DCC5919007B9C24 /* Navigation */,
				3E2FBC352DCC5919007B9C24 /* SceneModel.swift */,
				3E2FBC362DCC5919007B9C24 /* SidebarModel.swift */,
			);
			path = AppModels;
			sourceTree = "<group>";
		};
		3E2FBC3D2DCC5919007B9C24 /* Constructors */ = {
			isa = PBXGroup;
			children = (
				3E2FBC3B2DCC5919007B9C24 /* DestinationConstructor.swift */,
				3E2FBC3C2DCC5919007B9C24 /* FetchConstructor.swift */,
			);
			path = Constructors;
			sourceTree = "<group>";
		};
		3E2FBC432DCC5919007B9C24 /* Extensions */ = {
			isa = PBXGroup;
			children = (
				3E2FBC3E2DCC5919007B9C24 /* Color+.swift */,
				3E2FBC3F2DCC5919007B9C24 /* DateFormatter+.swift */,
				3E2FBC402DCC5919007B9C24 /* EnvironmentValues+.swift */,
				3E2FBC412DCC5919007B9C24 /* PresentationDetent+.swift */,
				3E2FBC422DCC5919007B9C24 /* String+.swift */,
			);
			path = Extensions;
			sourceTree = "<group>";
		};
		3E2FBC482DCC5919007B9C24 /* Models */ = {
			isa = PBXGroup;
			children = (
				3E2FBC442DCC5919007B9C24 /* AddressBook.swift */,
				3E2FBC452DCC5919007B9C24 /* AddressContent.swift */,
				3E2FBC462DCC5919007B9C24 /* EditableModels.swift */,
				3E2FBC472DCC5919007B9C24 /* FilterableModels.swift */,
			);
			path = Models;
			sourceTree = "<group>";
		};
		3E2FBC502DCC5919007B9C24 /* Protocols */ = {
			isa = PBXGroup;
			children = (
				3E2FBC492DCC5919007B9C24 /* Editable.swift */,
				3E2FBC4A2DCC5919007B9C24 /* Filterable.swift */,
				3E2FBC4B2DCC5919007B9C24 /* HTMLToMarkdownConverter.swift */,
				3E2FBC4C2DCC5919007B9C24 /* Listable.swift */,
				3E2FBC4D2DCC5919007B9C24 /* Menuable.swift */,
				3E2FBC4E2DCC5919007B9C24 /* Shareable.swift */,
				3E2FBC4F2DCC5919007B9C24 /* Sortable.swift */,
			);
			path = Protocols;
			sourceTree = "<group>";
		};
		3E2FBC572DCC5919007B9C24 /* DataFetchers */ = {
			isa = PBXGroup;
			children = (
				3E2FBC512DCC5919007B9C24 /* AddressSummaryDataFetchers.swift */,
				3E2FBC522DCC5919007B9C24 /* AuthentidationDataFetcher.swift */,
				3E2FBC532DCC5919007B9C24 /* DataFetcher.swift */,
				3E2FBC542DCC5919007B9C24 /* LocalListDataFetchers.swift */,
				3E2FBC552DCC5919007B9C24 /* RemoteDataFetchers.swift */,
				3E2FBC562DCC5919007B9C24 /* RemoteListDataFetchers.swift */,
			);
			path = DataFetchers;
			sourceTree = "<group>";
		};
		3E2FBC592DCC5919007B9C24 /* Drafting */ = {
			isa = PBXGroup;
			children = (
				3E2FBC582DCC5919007B9C24 /* DataPosters.swift */,
			);
			path = Drafting;
			sourceTree = "<group>";
		};
		3E2FBC5D2DCC5919007B9C24 /* ModelBackedFetchers */ = {
			isa = PBXGroup;
			children = (
				3E2FBC5A2DCC5919007B9C24 /* ModelBackedDataFetchers.swift */,
				3E2FBC5B2DCC5919007B9C24 /* ModelBackedFetchers.swift */,
				3E2FBC5C2DCC5919007B9C24 /* ModelBackedListDataFetchers.swift */,
			);
			path = ModelBackedFetchers;
			sourceTree = "<group>";
		};
		3E2FBC5F2DCC5919007B9C24 /* Requests */ = {
			isa = PBXGroup;
			children = (
				3E2FBC572DCC5919007B9C24 /* DataFetchers */,
				3E2FBC592DCC5919007B9C24 /* Drafting */,
				3E2FBC5D2DCC5919007B9C24 /* ModelBackedFetchers */,
				3E2FBC5E2DCC5919007B9C24 /* Request.swift */,
			);
			path = Requests;
			sourceTree = "<group>";
		};
		3E2FBC642DCC5919007B9C24 /* AddressContentViews */ = {
			isa = PBXGroup;
			children = (
				3E2FBC602DCC5919007B9C24 /* AddressNowView.swift */,
				3E2FBC612DCC5919007B9C24 /* AddressPastesView.swift */,
				3E2FBC622DCC5919007B9C24 /* AddressProfileView.swift */,
				3E2FBC632DCC5919007B9C24 /* AddressPURLsView.swift */,
			);
			path = AddressContentViews;
			sourceTree = "<group>";
		};
		3E2FBC692DCC5919007B9C24 /* AddressViews */ = {
			isa = PBXGroup;
			children = (
				3E2FBC652DCC5919007B9C24 /* AddressIconView.swift */,
				3E2FBC662DCC5919007B9C24 /* AddressNameView.swift */,
				3E2FBC672DCC5919007B9C24 /* AddressPicker.swift */,
				3E2FBC682DCC5919007B9C24 /* AddressSummaryView.swift */,
			);
			path = AddressViews;
			sourceTree = "<group>";
		};
		3E2FBC6F2DCC5919007B9C24 /* Components */ = {
			isa = PBXGroup;
			children = (
				3E2FBC6A2DCC5919007B9C24 /* ListRow.swift */,
				3E2FBC6B2DCC5919007B9C24 /* ListView.swift */,
				3E2FBC6C2DCC5919007B9C24 /* LoadingView.swift */,
				3E2FBC6D2DCC5919007B9C24 /* LogoView.swift */,
				3E2FBC6E2DCC5919007B9C24 /* ThemedTextView.swift */,
			);
			path = Components;
			sourceTree = "<group>";
		};
		3E2FBC772DCC5919007B9C24 /* Destinations */ = {
			isa = PBXGroup;
			children = (
				3E2FBC702DCC5919007B9C24 /* AboutView.swift */,
				3E2FBC712DCC5919007B9C24 /* AccountView.swift */,
				3E2FBC722DCC5919007B9C24 /* OnboardingView.swift */,
				3E2FBC732DCC5919007B9C24 /* PasteView.swift */,
				3E2FBC742DCC5919007B9C24 /* PURLView.swift */,
				3E2FBC752DCC5919007B9C24 /* StatusView.swift */,
				3E2FBC762DCC5919007B9C24 /* UpsellView.swift */,
				3E3C62582E04A6830035E466 /* SearchLanding.swift */,
			);
			path = Destinations;
			sourceTree = "<group>";
		};
		3E2FBC7D2DCC5919007B9C24 /* Drafting */ = {
			isa = PBXGroup;
			children = (
				3E2FBC782DCC5919007B9C24 /* AddressProfileEditorView.swift */,
				3E2FBC792DCC5919007B9C24 /* NamedItemDraftView.swift */,
				3E2FBC7A2DCC5919007B9C24 /* PasteDraftView.swift */,
				3E2FBC7B2DCC5919007B9C24 /* PURLDraftView.swift */,
				3E2FBC7C2DCC5919007B9C24 /* StatusDraftView.swift */,
			);
			path = Drafting;
			sourceTree = "<group>";
		};
		3E2FBC812DCC5919007B9C24 /* Inputs */ = {
			isa = PBXGroup;
			children = (
				3E2FBC7E2DCC5919007B9C24 /* EmojiPicker.swift */,
				3E2FBC7F2DCC5919007B9C24 /* PathTextField.swift */,
				3E2FBC802DCC5919007B9C24 /* URLTextField.swift */,
			);
			path = Inputs;
			sourceTree = "<group>";
		};
		3E2FBC8C2DCC5919007B9C24 /* Lists */ = {
			isa = PBXGroup;
			children = (
				3E2FBC822DCC5919007B9C24 /* CommunityView.swift */,
				3E2FBC832DCC5919007B9C24 /* DirectoryView.swift */,
				3E2FBC842DCC5919007B9C24 /* FollowingView.swift */,
				3E2FBC852DCC5919007B9C24 /* GardenView.swift */,
				3E2FBC862DCC5919007B9C24 /* ListsView.swift */,
				3E2FBC872DCC5919007B9C24 /* MyPastesView.swift */,
				3E2FBC882DCC5919007B9C24 /* MyPURLsView.swift */,
				3E2FBC892DCC5919007B9C24 /* MyStatusesView.swift */,
				3E2FBC8A2DCC5919007B9C24 /* SafetyView.swift */,
				3E2FBC8B2DCC5919007B9C24 /* StatusList.swift */,
			);
			path = Lists;
			sourceTree = "<group>";
		};
		3E2FBC8E2DCC5919007B9C24 /* Menus */ = {
			isa = PBXGroup;
			children = (
				3E2FBC8D2DCC5919007B9C24 /* SortButton.swift */,
			);
			path = Menus;
			sourceTree = "<group>";
		};
		3E2FBC932DCC5919007B9C24 /* NavigationView */ = {
			isa = PBXGroup;
			children = (
				3E2FBC8F2DCC5919007B9C24 /* NavigationItem+View.swift */,
				3E2FBC902DCC5919007B9C24 /* Sidebar.swift */,
				3E2FBC922DCC5919007B9C24 /* TabBar.swift */,
			);
			path = NavigationView;
			sourceTree = "<group>";
		};
		3E2FBC982DCC5919007B9C24 /* RemoteContentViews */ = {
			isa = PBXGroup;
			children = (
				3E2FBC942DCC5919007B9C24 /* HTMLContentView.swift */,
				3E2FBC952DCC5919007B9C24 /* HTMLFetcherView.swift */,
				3E2FBC962DCC5919007B9C24 /* MarkdownContentView.swift */,
				3E2FBC972DCC5919007B9C24 /* SafariView.swift */,
			);
			path = RemoteContentViews;
			sourceTree = "<group>";
		};
		3E2FBC9C2DCC5919007B9C24 /* RowViews */ = {
			isa = PBXGroup;
			children = (
				3E2FBC992DCC5919007B9C24 /* PasteRowView.swift */,
				3E2FBC9A2DCC5919007B9C24 /* PURLRowView.swift */,
				3E2FBC9B2DCC5919007B9C24 /* StatusRowView.swift */,
			);
			path = RowViews;
			sourceTree = "<group>";
		};
		3E2FBC9E2DCC5919007B9C24 /* ViewModifiers */ = {
			isa = PBXGroup;
			children = (
				3E2FBC9D2DCC5919007B9C24 /* CardViewModifier.swift */,
			);
			path = ViewModifiers;
			sourceTree = "<group>";
		};
		3E2FBC9F2DCC5919007B9C24 /* Views */ = {
			isa = PBXGroup;
			children = (
				3E2FBC642DCC5919007B9C24 /* AddressContentViews */,
				3E2FBC692DCC5919007B9C24 /* AddressViews */,
				3E2FBC6F2DCC5919007B9C24 /* Components */,
				3E2FBC772DCC5919007B9C24 /* Destinations */,
				3E2FBC7D2DCC5919007B9C24 /* Drafting */,
				3E2FBC812DCC5919007B9C24 /* Inputs */,
				3E2FBC8C2DCC5919007B9C24 /* Lists */,
				3E2FBC8E2DCC5919007B9C24 /* Menus */,
				3E2FBC932DCC5919007B9C24 /* NavigationView */,
				3E2FBC982DCC5919007B9C24 /* RemoteContentViews */,
				3E2FBC9C2DCC5919007B9C24 /* RowViews */,
				3E2FBC9E2DCC5919007B9C24 /* ViewModifiers */,
			);
			path = Views;
			sourceTree = "<group>";
		};
		3E2FBCA02DCC5919007B9C24 /* Internal */ = {
			isa = PBXGroup;
			children = (
				3E2FBC372DCC5919007B9C24 /* AppModels */,
				3E2FBC3D2DCC5919007B9C24 /* Constructors */,
				3E2FBC432DCC5919007B9C24 /* Extensions */,
				3E2FBC482DCC5919007B9C24 /* Models */,
				3E2FBC502DCC5919007B9C24 /* Protocols */,
				3E2FBC5F2DCC5919007B9C24 /* Requests */,
				3E2FBC9F2DCC5919007B9C24 /* Views */,
			);
			path = Internal;
			sourceTree = "<group>";
		};
		3E2FBCFC2DCC591E007B9C24 /* Extensions */ = {
			isa = PBXGroup;
			children = (
				3E2FBCF82DCC591E007B9C24 /* Hashable.swift */,
				3E2FBCF92DCC591E007B9C24 /* Identifiable.swift */,
				3E2FBCFA2DCC591E007B9C24 /* RawRepresentable.swift */,
				3E2FBCFB2DCC591E007B9C24 /* String+Public.swift */,
			);
			path = Extensions;
			sourceTree = "<group>";
		};
		3E2FBD032DCC591E007B9C24 /* Models */ = {
			isa = PBXGroup;
			children = (
				3E2FBCFD2DCC591E007B9C24 /* Aliases.swift */,
				3E2FBCFE2DCC591E007B9C24 /* ClientInfo.swift */,
				3E2FBCFF2DCC591E007B9C24 /* DataInterface.swift */,
				3E2FBD002DCC591E007B9C24 /* Drafts.swift */,
				3E2FBD012DCC591E007B9C24 /* SampleDataInterface.swift */,
				3E2FBD022DCC591E007B9C24 /* ViewModels.swift */,
			);
			path = Models;
			sourceTree = "<group>";
		};
		3E2FBD062DCC591E007B9C24 /* Public */ = {
			isa = PBXGroup;
			children = (
				3E2FBCFC2DCC591E007B9C24 /* Extensions */,
				3E2FBD032DCC591E007B9C24 /* Models */,
				3E2FBD042DCC591E007B9C24 /* omgui.swift */,
				3E2FBD052DCC591E007B9C24 /* RootView.swift */,
			);
			path = Public;
			sourceTree = "<group>";
		};
/* End PBXGroup section */

/* Begin PBXNativeTarget section */
		3E0A744929B4950200EFD8E4 /* appDOTlol */ = {
			isa = PBXNativeTarget;
			buildConfigurationList = 3E0A745929B4950300EFD8E4 /* Build configuration list for PBXNativeTarget "appDOTlol" */;
			buildPhases = (
				3E0A744729B4950200EFD8E4 /* Frameworks */,
				3E0A744629B4950200EFD8E4 /* Sources */,
				3E0A744829B4950200EFD8E4 /* Resources */,
				3E0A747B29B4959000EFD8E4 /* Embed Frameworks */,
			);
			buildRules = (
			);
			dependencies = (
			);
			name = appDOTlol;
			packageProductDependencies = (
				3E7C162229C35777007C85EC /* omgapi */,
				3E2FBD142DCC5A0C007B9C24 /* MarkdownUI */,
				3E2FBD172DCC5A1A007B9C24 /* Blackbird */,
				3E2FBD1A2DCC5A26007B9C24 /* MarkdownEditor */,
				3E2FBD1D2DCC5A3A007B9C24 /* Punycode */,
			);
			productName = appDOTlol;
			productReference = 3E0A744A29B4950200EFD8E4 /* appDOTlol.app */;
			productType = "com.apple.product-type.application";
		};
/* End PBXNativeTarget section */

/* Begin PBXProject section */
		3E0A744229B4950200EFD8E4 /* Project object */ = {
			isa = PBXProject;
			attributes = {
				BuildIndependentTargetsInParallel = 1;
				LastSwiftUpdateCheck = 1420;
				LastUpgradeCheck = 2600;
				TargetAttributes = {
					3E0A744929B4950200EFD8E4 = {
						CreatedOnToolsVersion = 14.2;
					};
				};
			};
			buildConfigurationList = 3E0A744529B4950200EFD8E4 /* Build configuration list for PBXProject "appDOTlol" */;
			compatibilityVersion = "Xcode 14.0";
			developmentRegion = en;
			hasScannedForEncodings = 0;
			knownRegions = (
				en,
				Base,
			);
			mainGroup = 3E0A744129B4950200EFD8E4;
			packageReferences = (
				3E7C162129C35777007C85EC /* XCRemoteSwiftPackageReference "omgapi" */,
				3E2FBD132DCC5A0C007B9C24 /* XCRemoteSwiftPackageReference "swift-markdown-ui" */,
				3E2FBD162DCC5A1A007B9C24 /* XCRemoteSwiftPackageReference "Blackbird" */,
				3E2FBD192DCC5A26007B9C24 /* XCRemoteSwiftPackageReference "MarkdownEditor" */,
				3E2FBD1C2DCC5A3A007B9C24 /* XCRemoteSwiftPackageReference "PunycodeSwift" */,
			);
			productRefGroup = 3E0A744B29B4950200EFD8E4 /* Products */;
			projectDirPath = "";
			projectRoot = "";
			targets = (
				3E0A744929B4950200EFD8E4 /* appDOTlol */,
			);
		};
/* End PBXProject section */

/* Begin PBXResourcesBuildPhase section */
		3E0A744829B4950200EFD8E4 /* Resources */ = {
			isa = PBXResourcesBuildPhase;
			buildActionMask = 2147483647;
			files = (
				3E0A745629B4950300EFD8E4 /* Preview Assets.xcassets in Resources */,
				3E0A745229B4950300EFD8E4 /* Assets.xcassets in Resources */,
			);
			runOnlyForDeploymentPostprocessing = 0;
		};
/* End PBXResourcesBuildPhase section */

/* Begin PBXSourcesBuildPhase section */
		3E0A744629B4950200EFD8E4 /* Sources */ = {
			isa = PBXSourcesBuildPhase;
			buildActionMask = 2147483647;
			files = (
				3E67DAF629B4CC8100B7DF82 /* APIInterface.swift in Sources */,
				3E0A744E29B4950200EFD8E4 /* appDOTlolApp.swift in Sources */,
				3E2FBCA32DCC5919007B9C24 /* FilterableModels.swift in Sources */,
				3E2FBCA42DCC5919007B9C24 /* AddressProfileEditorView.swift in Sources */,
				3E2FBCA52DCC5919007B9C24 /* AccountView.swift in Sources */,
				3E2FBCA62DCC5919007B9C24 /* Request.swift in Sources */,
				3E2FBCA72DCC5919007B9C24 /* PURLDraftView.swift in Sources */,
				3E2FBCA82DCC5919007B9C24 /* HTMLToMarkdownConverter.swift in Sources */,
				3E2FBCA92DCC5919007B9C24 /* FollowingView.swift in Sources */,
				3E2FBCAA2DCC5919007B9C24 /* String+.swift in Sources */,
				3E2FBCAB2DCC5919007B9C24 /* URLTextField.swift in Sources */,
				3E2FBCAC2DCC5919007B9C24 /* NavigationDestination.swift in Sources */,
				3E2FBCAD2DCC5919007B9C24 /* DataPosters.swift in Sources */,
				3E2FBCAE2DCC5919007B9C24 /* RemoteListDataFetchers.swift in Sources */,
				3E2FBCAF2DCC5919007B9C24 /* EnvironmentValues+.swift in Sources */,
				3E2FBCB02DCC5919007B9C24 /* DirectoryView.swift in Sources */,
				3E2FBCB12DCC5919007B9C24 /* AddressPicker.swift in Sources */,
				3E2FBCB22DCC5919007B9C24 /* EditableModels.swift in Sources */,
				3E2FBCB32DCC5919007B9C24 /* StatusList.swift in Sources */,
				3E2FBCB42DCC5919007B9C24 /* DestinationConstructor.swift in Sources */,
				3E2FBCB52DCC5919007B9C24 /* SceneModel.swift in Sources */,
				3E2FBCB62DCC5919007B9C24 /* ThemedTextView.swift in Sources */,
				3E2FBCB72DCC5919007B9C24 /* TabBar.swift in Sources */,
				3E2FBCB82DCC5919007B9C24 /* LoadingView.swift in Sources */,
				3E2FBCB92DCC5919007B9C24 /* AppFeature.swift in Sources */,
				3E2FBCBA2DCC5919007B9C24 /* AddressPastesView.swift in Sources */,
				3E2FBCBB2DCC5919007B9C24 /* Sidebar.swift in Sources */,
				3E2FBCBD2DCC5919007B9C24 /* PathTextField.swift in Sources */,
				3E2FBCBE2DCC5919007B9C24 /* AddressNameView.swift in Sources */,
				3E2FBCBF2DCC5919007B9C24 /* MyStatusesView.swift in Sources */,
				3E2FBCC02DCC5919007B9C24 /* Editable.swift in Sources */,
				3E2FBCC12DCC5919007B9C24 /* AddressBook.swift in Sources */,
				3E2FBCC22DCC5919007B9C24 /* PresentationDetent+.swift in Sources */,
				3E2FBCC32DCC5919007B9C24 /* HTMLContentView.swift in Sources */,
				3E3C62592E04A6830035E466 /* SearchLanding.swift in Sources */,
				3E2FBCC42DCC5919007B9C24 /* DataFetcher.swift in Sources */,
				3E2FBCC52DCC5919007B9C24 /* AddressIconView.swift in Sources */,
				3E2FBCC62DCC5919007B9C24 /* CommunityView.swift in Sources */,
				3E2FBCC72DCC5919007B9C24 /* StatusRowView.swift in Sources */,
				3E2FBCC82DCC5919007B9C24 /* GardenView.swift in Sources */,
				3E2FBCC92DCC5919007B9C24 /* NavigationItem+View.swift in Sources */,
				3E2FBCCA2DCC5919007B9C24 /* LocalListDataFetchers.swift in Sources */,
				3E2FBD072DCC591E007B9C24 /* SampleDataInterface.swift in Sources */,
				3E2FBD082DCC591E007B9C24 /* omgui.swift in Sources */,
				3E2FBD092DCC591E007B9C24 /* String+Public.swift in Sources */,
				3E2FBD0A2DCC591E007B9C24 /* Identifiable.swift in Sources */,
				3E2FBD0B2DCC591E007B9C24 /* RawRepresentable.swift in Sources */,
				3E2FBD0C2DCC591E007B9C24 /* Aliases.swift in Sources */,
				3E2FBD0D2DCC591E007B9C24 /* ClientInfo.swift in Sources */,
				3E2FBD0E2DCC591E007B9C24 /* Drafts.swift in Sources */,
				3E2FBD0F2DCC591E007B9C24 /* DataInterface.swift in Sources */,
				3E2FBD102DCC591E007B9C24 /* ViewModels.swift in Sources */,
				3E2FBD112DCC591E007B9C24 /* RootView.swift in Sources */,
				3E2FBD122DCC591E007B9C24 /* Hashable.swift in Sources */,
				3E2FBCCB2DCC5919007B9C24 /* PURLRowView.swift in Sources */,
				3E2FBCCC2DCC5919007B9C24 /* ModelBackedListDataFetchers.swift in Sources */,
				3E2FBCCD2DCC5919007B9C24 /* StatusDraftView.swift in Sources */,
				3E2FBCCE2DCC5919007B9C24 /* AuthentidationDataFetcher.swift in Sources */,
				3E2FBCCF2DCC5919007B9C24 /* PasteRowView.swift in Sources */,
				3E2FBCD02DCC5919007B9C24 /* AddressSummaryDataFetchers.swift in Sources */,
				3E2FBCD12DCC5919007B9C24 /* NamedItemDraftView.swift in Sources */,
				3E2FBCD22DCC5919007B9C24 /* ListsView.swift in Sources */,
				3E2FBCD32DCC5919007B9C24 /* PURLView.swift in Sources */,
				3E2FBCD42DCC5919007B9C24 /* NavigationItem.swift in Sources */,
				3E2FBCD52DCC5919007B9C24 /* SortButton.swift in Sources */,
				3E2FBCD62DCC5919007B9C24 /* DateFormatter+.swift in Sources */,
				3E2FBCD72DCC5919007B9C24 /* PasteView.swift in Sources */,
				3E2FBCD82DCC5919007B9C24 /* UpsellView.swift in Sources */,
				3E2FBCD92DCC5919007B9C24 /* ModelBackedFetchers.swift in Sources */,
				3E2FBCDA2DCC5919007B9C24 /* OnboardingView.swift in Sources */,
				3E2FBCDB2DCC5919007B9C24 /* MyPURLsView.swift in Sources */,
				3E2FBCDC2DCC5919007B9C24 /* AddressPURLsView.swift in Sources */,
				3E2FBCDD2DCC5919007B9C24 /* AddressSummaryView.swift in Sources */,
				3E2FBCDE2DCC5919007B9C24 /* Filterable.swift in Sources */,
				3E2FBCDF2DCC5919007B9C24 /* ListView.swift in Sources */,
				3E2FBCE02DCC5919007B9C24 /* AddressProfileView.swift in Sources */,
				3E2FBCE12DCC5919007B9C24 /* EmojiPicker.swift in Sources */,
				3E2FBCE22DCC5919007B9C24 /* SafetyView.swift in Sources */,
				3E2FBCE32DCC5919007B9C24 /* AddressContent.swift in Sources */,
				3E2FBCE42DCC5919007B9C24 /* AboutView.swift in Sources */,
				3E2FBCE52DCC5919007B9C24 /* MyPastesView.swift in Sources */,
				3E2FBCE62DCC5919007B9C24 /* MarkdownContentView.swift in Sources */,
				3E2FBCE72DCC5919007B9C24 /* SidebarModel.swift in Sources */,
				3E2FBCE82DCC5919007B9C24 /* Sortable.swift in Sources */,
				3E2FBCE92DCC5919007B9C24 /* ModelBackedDataFetchers.swift in Sources */,
				3E2FBCEA2DCC5919007B9C24 /* ListRow.swift in Sources */,
				3E2FBCEB2DCC5919007B9C24 /* Color+.swift in Sources */,
				3E2FBCEC2DCC5919007B9C24 /* Listable.swift in Sources */,
				3E2FBCED2DCC5919007B9C24 /* AddressNowView.swift in Sources */,
				3E2FBCEE2DCC5919007B9C24 /* PasteDraftView.swift in Sources */,
				3E2FBCEF2DCC5919007B9C24 /* Shareable.swift in Sources */,
				3E2FBCF02DCC5919007B9C24 /* FetchConstructor.swift in Sources */,
				3E2FBCF12DCC5919007B9C24 /* SafariView.swift in Sources */,
				3E2FBCF22DCC5919007B9C24 /* StatusView.swift in Sources */,
				3E2FBCF32DCC5919007B9C24 /* Menuable.swift in Sources */,
				3E2FBCF42DCC5919007B9C24 /* CardViewModifier.swift in Sources */,
				3E2FBCF52DCC5919007B9C24 /* HTMLFetcherView.swift in Sources */,
				3E2FBCF62DCC5919007B9C24 /* RemoteDataFetchers.swift in Sources */,
				3E2FBCF72DCC5919007B9C24 /* LogoView.swift in Sources */,
			);
			runOnlyForDeploymentPostprocessing = 0;
		};
/* End PBXSourcesBuildPhase section */

/* Begin XCBuildConfiguration section */
		3E0A745729B4950300EFD8E4 /* Debug */ = {
			isa = XCBuildConfiguration;
			buildSettings = {
				ALWAYS_SEARCH_USER_PATHS = NO;
				ASSETCATALOG_COMPILER_GENERATE_SWIFT_ASSET_SYMBOL_EXTENSIONS = YES;
				CLANG_ANALYZER_NONNULL = YES;
				CLANG_ANALYZER_NUMBER_OBJECT_CONVERSION = YES_AGGRESSIVE;
				CLANG_CXX_LANGUAGE_STANDARD = "gnu++20";
				CLANG_ENABLE_MODULES = YES;
				CLANG_ENABLE_OBJC_ARC = YES;
				CLANG_ENABLE_OBJC_WEAK = YES;
				CLANG_WARN_BLOCK_CAPTURE_AUTORELEASING = YES;
				CLANG_WARN_BOOL_CONVERSION = YES;
				CLANG_WARN_COMMA = YES;
				CLANG_WARN_CONSTANT_CONVERSION = YES;
				CLANG_WARN_DEPRECATED_OBJC_IMPLEMENTATIONS = YES;
				CLANG_WARN_DIRECT_OBJC_ISA_USAGE = YES_ERROR;
				CLANG_WARN_DOCUMENTATION_COMMENTS = YES;
				CLANG_WARN_EMPTY_BODY = YES;
				CLANG_WARN_ENUM_CONVERSION = YES;
				CLANG_WARN_INFINITE_RECURSION = YES;
				CLANG_WARN_INT_CONVERSION = YES;
				CLANG_WARN_NON_LITERAL_NULL_CONVERSION = YES;
				CLANG_WARN_OBJC_IMPLICIT_RETAIN_SELF = YES;
				CLANG_WARN_OBJC_LITERAL_CONVERSION = YES;
				CLANG_WARN_OBJC_ROOT_CLASS = YES_ERROR;
				CLANG_WARN_QUOTED_INCLUDE_IN_FRAMEWORK_HEADER = YES;
				CLANG_WARN_RANGE_LOOP_ANALYSIS = YES;
				CLANG_WARN_STRICT_PROTOTYPES = YES;
				CLANG_WARN_SUSPICIOUS_MOVE = YES;
				CLANG_WARN_UNGUARDED_AVAILABILITY = YES_AGGRESSIVE;
				CLANG_WARN_UNREACHABLE_CODE = YES;
				CLANG_WARN__DUPLICATE_METHOD_MATCH = YES;
				COPY_PHASE_STRIP = NO;
				DEAD_CODE_STRIPPING = YES;
				DEBUG_INFORMATION_FORMAT = dwarf;
				DEVELOPMENT_TEAM = G9LCFVC8QK;
				ENABLE_STRICT_OBJC_MSGSEND = YES;
				ENABLE_TESTABILITY = YES;
				ENABLE_USER_SCRIPT_SANDBOXING = YES;
				GCC_C_LANGUAGE_STANDARD = gnu11;
				GCC_DYNAMIC_NO_PIC = NO;
				GCC_NO_COMMON_BLOCKS = YES;
				GCC_OPTIMIZATION_LEVEL = 0;
				GCC_PREPROCESSOR_DEFINITIONS = (
					"DEBUG=1",
					"$(inherited)",
				);
				GCC_WARN_64_TO_32_BIT_CONVERSION = YES;
				GCC_WARN_ABOUT_RETURN_TYPE = YES_ERROR;
				GCC_WARN_UNDECLARED_SELECTOR = YES;
				GCC_WARN_UNINITIALIZED_AUTOS = YES_AGGRESSIVE;
				GCC_WARN_UNUSED_FUNCTION = YES;
				GCC_WARN_UNUSED_VARIABLE = YES;
				MTL_ENABLE_DEBUG_INFO = INCLUDE_SOURCE;
				MTL_FAST_MATH = YES;
				ONLY_ACTIVE_ARCH = YES;
				STRING_CATALOG_GENERATE_SYMBOLS = YES;
				SWIFT_ACTIVE_COMPILATION_CONDITIONS = DEBUG;
				SWIFT_OPTIMIZATION_LEVEL = "-Onone";
			};
			name = Debug;
		};
		3E0A745829B4950300EFD8E4 /* Release */ = {
			isa = XCBuildConfiguration;
			buildSettings = {
				ALWAYS_SEARCH_USER_PATHS = NO;
				ASSETCATALOG_COMPILER_GENERATE_SWIFT_ASSET_SYMBOL_EXTENSIONS = YES;
				CLANG_ANALYZER_NONNULL = YES;
				CLANG_ANALYZER_NUMBER_OBJECT_CONVERSION = YES_AGGRESSIVE;
				CLANG_CXX_LANGUAGE_STANDARD = "gnu++20";
				CLANG_ENABLE_MODULES = YES;
				CLANG_ENABLE_OBJC_ARC = YES;
				CLANG_ENABLE_OBJC_WEAK = YES;
				CLANG_WARN_BLOCK_CAPTURE_AUTORELEASING = YES;
				CLANG_WARN_BOOL_CONVERSION = YES;
				CLANG_WARN_COMMA = YES;
				CLANG_WARN_CONSTANT_CONVERSION = YES;
				CLANG_WARN_DEPRECATED_OBJC_IMPLEMENTATIONS = YES;
				CLANG_WARN_DIRECT_OBJC_ISA_USAGE = YES_ERROR;
				CLANG_WARN_DOCUMENTATION_COMMENTS = YES;
				CLANG_WARN_EMPTY_BODY = YES;
				CLANG_WARN_ENUM_CONVERSION = YES;
				CLANG_WARN_INFINITE_RECURSION = YES;
				CLANG_WARN_INT_CONVERSION = YES;
				CLANG_WARN_NON_LITERAL_NULL_CONVERSION = YES;
				CLANG_WARN_OBJC_IMPLICIT_RETAIN_SELF = YES;
				CLANG_WARN_OBJC_LITERAL_CONVERSION = YES;
				CLANG_WARN_OBJC_ROOT_CLASS = YES_ERROR;
				CLANG_WARN_QUOTED_INCLUDE_IN_FRAMEWORK_HEADER = YES;
				CLANG_WARN_RANGE_LOOP_ANALYSIS = YES;
				CLANG_WARN_STRICT_PROTOTYPES = YES;
				CLANG_WARN_SUSPICIOUS_MOVE = YES;
				CLANG_WARN_UNGUARDED_AVAILABILITY = YES_AGGRESSIVE;
				CLANG_WARN_UNREACHABLE_CODE = YES;
				CLANG_WARN__DUPLICATE_METHOD_MATCH = YES;
				COPY_PHASE_STRIP = NO;
				DEAD_CODE_STRIPPING = YES;
				DEBUG_INFORMATION_FORMAT = "dwarf-with-dsym";
				DEVELOPMENT_TEAM = G9LCFVC8QK;
				ENABLE_NS_ASSERTIONS = NO;
				ENABLE_STRICT_OBJC_MSGSEND = YES;
				ENABLE_USER_SCRIPT_SANDBOXING = YES;
				GCC_C_LANGUAGE_STANDARD = gnu11;
				GCC_NO_COMMON_BLOCKS = YES;
				GCC_WARN_64_TO_32_BIT_CONVERSION = YES;
				GCC_WARN_ABOUT_RETURN_TYPE = YES_ERROR;
				GCC_WARN_UNDECLARED_SELECTOR = YES;
				GCC_WARN_UNINITIALIZED_AUTOS = YES_AGGRESSIVE;
				GCC_WARN_UNUSED_FUNCTION = YES;
				GCC_WARN_UNUSED_VARIABLE = YES;
				MTL_ENABLE_DEBUG_INFO = NO;
				MTL_FAST_MATH = YES;
				STRING_CATALOG_GENERATE_SYMBOLS = YES;
				SWIFT_COMPILATION_MODE = wholemodule;
				SWIFT_OPTIMIZATION_LEVEL = "-O";
			};
			name = Release;
		};
		3E0A745A29B4950300EFD8E4 /* Debug */ = {
			isa = XCBuildConfiguration;
			buildSettings = {
				ASSETCATALOG_COMPILER_APPICON_NAME = AppIcon;
				ASSETCATALOG_COMPILER_GLOBAL_ACCENT_COLOR_NAME = AccentColor;
				CODE_SIGN_ENTITLEMENTS = appDOTlol/appDOTlol.entitlements;
				CODE_SIGN_IDENTITY = "-";
				"CODE_SIGN_IDENTITY[sdk=iphoneos*]" = "Apple Development";
				"CODE_SIGN_IDENTITY[sdk=xros*]" = "Apple Development";
				CODE_SIGN_STYLE = Automatic;
				CURRENT_PROJECT_VERSION = 1;
				DEAD_CODE_STRIPPING = YES;
				DEVELOPMENT_ASSET_PATHS = "\"appDOTlol/Preview Content\"";
				ENABLE_APP_SANDBOX = YES;
				ENABLE_HARDENED_RUNTIME = YES;
				ENABLE_INCOMING_NETWORK_CONNECTIONS = NO;
				ENABLE_OUTGOING_NETWORK_CONNECTIONS = YES;
				ENABLE_PREVIEWS = YES;
				ENABLE_RESOURCE_ACCESS_AUDIO_INPUT = NO;
				ENABLE_RESOURCE_ACCESS_BLUETOOTH = NO;
				ENABLE_RESOURCE_ACCESS_CALENDARS = NO;
				ENABLE_RESOURCE_ACCESS_CAMERA = NO;
				ENABLE_RESOURCE_ACCESS_CONTACTS = NO;
				ENABLE_RESOURCE_ACCESS_LOCATION = NO;
				ENABLE_RESOURCE_ACCESS_PRINTING = NO;
				ENABLE_RESOURCE_ACCESS_USB = NO;
				ENABLE_USER_SELECTED_FILES = readonly;
				GENERATE_INFOPLIST_FILE = YES;
				INFOPLIST_FILE = appDOTlol/Info.plist;
				INFOPLIST_KEY_CFBundleDisplayName = app.lol;
				INFOPLIST_KEY_ITSAppUsesNonExemptEncryption = NO;
				INFOPLIST_KEY_LSApplicationCategoryType = "public.app-category.social-networking";
				"INFOPLIST_KEY_UIApplicationSceneManifest_Generation[sdk=iphoneos*]" = YES;
				"INFOPLIST_KEY_UIApplicationSceneManifest_Generation[sdk=iphonesimulator*]" = YES;
				"INFOPLIST_KEY_UIApplicationSupportsIndirectInputEvents[sdk=iphoneos*]" = YES;
				"INFOPLIST_KEY_UIApplicationSupportsIndirectInputEvents[sdk=iphonesimulator*]" = YES;
				"INFOPLIST_KEY_UILaunchScreen_Generation[sdk=iphoneos*]" = YES;
				"INFOPLIST_KEY_UILaunchScreen_Generation[sdk=iphonesimulator*]" = YES;
				"INFOPLIST_KEY_UIStatusBarStyle[sdk=iphoneos*]" = UIStatusBarStyleDefault;
				"INFOPLIST_KEY_UIStatusBarStyle[sdk=iphonesimulator*]" = UIStatusBarStyleDefault;
				INFOPLIST_KEY_UISupportedInterfaceOrientations = "UIInterfaceOrientationPortrait UIInterfaceOrientationPortraitUpsideDown";
				INFOPLIST_KEY_UISupportedInterfaceOrientations_iPad = "UIInterfaceOrientationLandscapeLeft UIInterfaceOrientationLandscapeRight UIInterfaceOrientationPortrait UIInterfaceOrientationPortraitUpsideDown";
				IPHONEOS_DEPLOYMENT_TARGET = 26.0;
				LD_RUNPATH_SEARCH_PATHS = "@executable_path/Frameworks";
				"LD_RUNPATH_SEARCH_PATHS[sdk=macosx*]" = "@executable_path/../Frameworks";
				MACOSX_DEPLOYMENT_TARGET = 26.0;
				MARKETING_VERSION = 2025.1.0;
				PRODUCT_BUNDLE_IDENTIFIER = "dev.chestnut.app.lol-beta";
				PRODUCT_NAME = "$(TARGET_NAME)";
				REGISTER_APP_GROUPS = YES;
				SDKROOT = auto;
				SUPPORTED_PLATFORMS = "iphoneos iphonesimulator macosx xros xrsimulator";
				SUPPORTS_MACCATALYST = YES;
				SUPPORTS_MAC_DESIGNED_FOR_IPHONE_IPAD = YES;
				SWIFT_EMIT_LOC_STRINGS = YES;
				SWIFT_STRICT_CONCURRENCY = complete;
				SWIFT_VERSION = 6.0;
				TARGETED_DEVICE_FAMILY = "1,2,6,7";
				XROS_DEPLOYMENT_TARGET = 26.0;
			};
			name = Debug;
		};
		3E0A745B29B4950300EFD8E4 /* Release */ = {
			isa = XCBuildConfiguration;
			buildSettings = {
				ASSETCATALOG_COMPILER_APPICON_NAME = AppIcon;
				ASSETCATALOG_COMPILER_GLOBAL_ACCENT_COLOR_NAME = AccentColor;
				CODE_SIGN_ENTITLEMENTS = appDOTlol/appDOTlol.entitlements;
				CODE_SIGN_IDENTITY = "-";
				"CODE_SIGN_IDENTITY[sdk=iphoneos*]" = "Apple Development";
				"CODE_SIGN_IDENTITY[sdk=xros*]" = "Apple Development";
				CODE_SIGN_STYLE = Automatic;
				CURRENT_PROJECT_VERSION = 1;
				DEAD_CODE_STRIPPING = YES;
				DEVELOPMENT_ASSET_PATHS = "\"appDOTlol/Preview Content\"";
				ENABLE_APP_SANDBOX = YES;
				ENABLE_HARDENED_RUNTIME = YES;
				ENABLE_INCOMING_NETWORK_CONNECTIONS = NO;
				ENABLE_OUTGOING_NETWORK_CONNECTIONS = YES;
				ENABLE_PREVIEWS = YES;
				ENABLE_RESOURCE_ACCESS_AUDIO_INPUT = NO;
				ENABLE_RESOURCE_ACCESS_BLUETOOTH = NO;
				ENABLE_RESOURCE_ACCESS_CALENDARS = NO;
				ENABLE_RESOURCE_ACCESS_CAMERA = NO;
				ENABLE_RESOURCE_ACCESS_CONTACTS = NO;
				ENABLE_RESOURCE_ACCESS_LOCATION = NO;
				ENABLE_RESOURCE_ACCESS_PRINTING = NO;
				ENABLE_RESOURCE_ACCESS_USB = NO;
				ENABLE_USER_SELECTED_FILES = readonly;
				GENERATE_INFOPLIST_FILE = YES;
				INFOPLIST_FILE = appDOTlol/Info.plist;
				INFOPLIST_KEY_CFBundleDisplayName = app.lol;
				INFOPLIST_KEY_ITSAppUsesNonExemptEncryption = NO;
				INFOPLIST_KEY_LSApplicationCategoryType = "public.app-category.social-networking";
				"INFOPLIST_KEY_UIApplicationSceneManifest_Generation[sdk=iphoneos*]" = YES;
				"INFOPLIST_KEY_UIApplicationSceneManifest_Generation[sdk=iphonesimulator*]" = YES;
				"INFOPLIST_KEY_UIApplicationSupportsIndirectInputEvents[sdk=iphoneos*]" = YES;
				"INFOPLIST_KEY_UIApplicationSupportsIndirectInputEvents[sdk=iphonesimulator*]" = YES;
				"INFOPLIST_KEY_UILaunchScreen_Generation[sdk=iphoneos*]" = YES;
				"INFOPLIST_KEY_UILaunchScreen_Generation[sdk=iphonesimulator*]" = YES;
				"INFOPLIST_KEY_UIStatusBarStyle[sdk=iphoneos*]" = UIStatusBarStyleDefault;
				"INFOPLIST_KEY_UIStatusBarStyle[sdk=iphonesimulator*]" = UIStatusBarStyleDefault;
				INFOPLIST_KEY_UISupportedInterfaceOrientations = "UIInterfaceOrientationPortrait UIInterfaceOrientationPortraitUpsideDown";
				INFOPLIST_KEY_UISupportedInterfaceOrientations_iPad = "UIInterfaceOrientationLandscapeLeft UIInterfaceOrientationLandscapeRight UIInterfaceOrientationPortrait UIInterfaceOrientationPortraitUpsideDown";
				IPHONEOS_DEPLOYMENT_TARGET = 26.0;
				LD_RUNPATH_SEARCH_PATHS = "@executable_path/Frameworks";
				"LD_RUNPATH_SEARCH_PATHS[sdk=macosx*]" = "@executable_path/../Frameworks";
				MACOSX_DEPLOYMENT_TARGET = 26.0;
				MARKETING_VERSION = 2025.1.0;
				PRODUCT_BUNDLE_IDENTIFIER = "dev.chestnut.app.lol-beta";
				PRODUCT_NAME = "$(TARGET_NAME)";
				REGISTER_APP_GROUPS = YES;
				SDKROOT = auto;
				SUPPORTED_PLATFORMS = "iphoneos iphonesimulator macosx xros xrsimulator";
				SUPPORTS_MACCATALYST = YES;
				SUPPORTS_MAC_DESIGNED_FOR_IPHONE_IPAD = YES;
				SWIFT_EMIT_LOC_STRINGS = YES;
				SWIFT_STRICT_CONCURRENCY = complete;
				SWIFT_VERSION = 6.0;
				TARGETED_DEVICE_FAMILY = "1,2,6,7";
				XROS_DEPLOYMENT_TARGET = 26.0;
			};
			name = Release;
		};
/* End XCBuildConfiguration section */

/* Begin XCConfigurationList section */
		3E0A744529B4950200EFD8E4 /* Build configuration list for PBXProject "appDOTlol" */ = {
			isa = XCConfigurationList;
			buildConfigurations = (
				3E0A745729B4950300EFD8E4 /* Debug */,
				3E0A745829B4950300EFD8E4 /* Release */,
			);
			defaultConfigurationIsVisible = 0;
			defaultConfigurationName = Release;
		};
		3E0A745929B4950300EFD8E4 /* Build configuration list for PBXNativeTarget "appDOTlol" */ = {
			isa = XCConfigurationList;
			buildConfigurations = (
				3E0A745A29B4950300EFD8E4 /* Debug */,
				3E0A745B29B4950300EFD8E4 /* Release */,
			);
			defaultConfigurationIsVisible = 0;
			defaultConfigurationName = Release;
		};
/* End XCConfigurationList section */

/* Begin XCRemoteSwiftPackageReference section */
		3E2FBD132DCC5A0C007B9C24 /* XCRemoteSwiftPackageReference "swift-markdown-ui" */ = {
			isa = XCRemoteSwiftPackageReference;
			repositoryURL = "https://github.com/iCalvin-Actual/swift-markdown-ui";
			requirement = {
				branch = main;
				kind = branch;
			};
		};
		3E2FBD162DCC5A1A007B9C24 /* XCRemoteSwiftPackageReference "Blackbird" */ = {
			isa = XCRemoteSwiftPackageReference;
			repositoryURL = "https://github.com/iCalvin-Actual/Blackbird";
			requirement = {
				branch = main;
				kind = branch;
			};
		};
		3E2FBD192DCC5A26007B9C24 /* XCRemoteSwiftPackageReference "MarkdownEditor" */ = {
			isa = XCRemoteSwiftPackageReference;
			repositoryURL = "https://github.com/iCalvin-Actual/MarkdownEditor.git";
			requirement = {
				branch = main;
				kind = branch;
			};
		};
		3E2FBD1C2DCC5A3A007B9C24 /* XCRemoteSwiftPackageReference "PunycodeSwift" */ = {
			isa = XCRemoteSwiftPackageReference;
			repositoryURL = "https://github.com/iCalvin-Actual/PunycodeSwift";
			requirement = {
				kind = upToNextMajorVersion;
				minimumVersion = 3.0.0;
			};
		};
		3E7C162129C35777007C85EC /* XCRemoteSwiftPackageReference "omgapi" */ = {
			isa = XCRemoteSwiftPackageReference;
			repositoryURL = "https://github.com/iCalvin-Actual/omgapi";
			requirement = {
				branch = main;
				kind = branch;
			};
		};
/* End XCRemoteSwiftPackageReference section */

/* Begin XCSwiftPackageProductDependency section */
		3E2FBD142DCC5A0C007B9C24 /* MarkdownUI */ = {
			isa = XCSwiftPackageProductDependency;
			package = 3E2FBD132DCC5A0C007B9C24 /* XCRemoteSwiftPackageReference "swift-markdown-ui" */;
			productName = MarkdownUI;
		};
		3E2FBD172DCC5A1A007B9C24 /* Blackbird */ = {
			isa = XCSwiftPackageProductDependency;
			package = 3E2FBD162DCC5A1A007B9C24 /* XCRemoteSwiftPackageReference "Blackbird" */;
			productName = Blackbird;
		};
		3E2FBD1A2DCC5A26007B9C24 /* MarkdownEditor */ = {
			isa = XCSwiftPackageProductDependency;
			package = 3E2FBD192DCC5A26007B9C24 /* XCRemoteSwiftPackageReference "MarkdownEditor" */;
			productName = MarkdownEditor;
		};
		3E2FBD1D2DCC5A3A007B9C24 /* Punycode */ = {
			isa = XCSwiftPackageProductDependency;
			package = 3E2FBD1C2DCC5A3A007B9C24 /* XCRemoteSwiftPackageReference "PunycodeSwift" */;
			productName = Punycode;
		};
		3E7C162229C35777007C85EC /* omgapi */ = {
			isa = XCSwiftPackageProductDependency;
			package = 3E7C162129C35777007C85EC /* XCRemoteSwiftPackageReference "omgapi" */;
			productName = omgapi;
		};
/* End XCSwiftPackageProductDependency section */
	};
	rootObject = 3E0A744229B4950200EFD8E4 /* Project object */;
}
